// !$*UTF8*$!
{
	archiveVersion = 1;
	classes = {
	};
	objectVersion = 50;
	objects = {

/* Begin PBXBuildFile section */
		9B0A2A3823851EB6003D8A55 /* Extension.swift in Sources */ = {isa = PBXBuildFile; fileRef = 9B0A2A3723851EB6003D8A55 /* Extension.swift */; };
		9B0A2A3A238524E1003D8A55 /* UIButtonExtension.swift in Sources */ = {isa = PBXBuildFile; fileRef = 9B0A2A39238524E1003D8A55 /* UIButtonExtension.swift */; };
		9B152CAE272BE94200D8D4B2 /* ActionQueue.swift in Sources */ = {isa = PBXBuildFile; fileRef = 9B152CAD272BE94200D8D4B2 /* ActionQueue.swift */; };
		9B152CAF272BE94200D8D4B2 /* ActionQueue.swift in Sources */ = {isa = PBXBuildFile; fileRef = 9B152CAD272BE94200D8D4B2 /* ActionQueue.swift */; };
		9B267B1D24404124002F571E /* AttributedString_iOS_Tests.swift in Sources */ = {isa = PBXBuildFile; fileRef = 9B267B1C24404124002F571E /* AttributedString_iOS_Tests.swift */; };
		9B267B1F24404124002F571E /* AttributedString.framework in Frameworks */ = {isa = PBXBuildFile; fileRef = 9B6E894C23823C40009EBEBE /* AttributedString.framework */; };
		9B267B2E2440433F002F571E /* AttributedString.framework in Frameworks */ = {isa = PBXBuildFile; fileRef = 9B34BD37243DBC8100932E6C /* AttributedString.framework */; };
		9B267B3524404391002F571E /* AttributedString_macOS_Tests.swift in Sources */ = {isa = PBXBuildFile; fileRef = 9B267B2B2440433F002F571E /* AttributedString_macOS_Tests.swift */; };
		9B267B76244066B0002F571E /* AttributedString.h in Headers */ = {isa = PBXBuildFile; fileRef = 9B6E894F23823C40009EBEBE /* AttributedString.h */; settings = {ATTRIBUTES = (Public, ); }; };
		9B267B77244066C1002F571E /* CGSizeExtension.swift in Sources */ = {isa = PBXBuildFile; fileRef = 9B6E89AE238275D2009EBEBE /* CGSizeExtension.swift */; };
		9B267B78244066C1002F571E /* CGRectExtension.swift in Sources */ = {isa = PBXBuildFile; fileRef = 9B6E89B02382766F009EBEBE /* CGRectExtension.swift */; };
		9B267B79244066C1002F571E /* CGPointExtension.swift in Sources */ = {isa = PBXBuildFile; fileRef = 9B6E89B2238276B0009EBEBE /* CGPointExtension.swift */; };
		9B267B7A244066C1002F571E /* Extension.swift in Sources */ = {isa = PBXBuildFile; fileRef = 9B0A2A3723851EB6003D8A55 /* Extension.swift */; };
		9B267B7B244066C1002F571E /* AttributedString.swift in Sources */ = {isa = PBXBuildFile; fileRef = 9B6E899D23823FFD009EBEBE /* AttributedString.swift */; };
		9B267B7C244066C1002F571E /* Interpolation.swift in Sources */ = {isa = PBXBuildFile; fileRef = 9B6E89A123826D8E009EBEBE /* Interpolation.swift */; };
		9B267B7D244066C1002F571E /* Attribute.swift in Sources */ = {isa = PBXBuildFile; fileRef = 9B6E89E02382C301009EBEBE /* Attribute.swift */; };
		9B267B7E244066C1002F571E /* ParagraphStyle.swift in Sources */ = {isa = PBXBuildFile; fileRef = 9B6E89E22382C392009EBEBE /* ParagraphStyle.swift */; };
		9B267B7F244066C1002F571E /* Attachment.swift in Sources */ = {isa = PBXBuildFile; fileRef = 9B6E89E42382C488009EBEBE /* Attachment.swift */; };
		9B267B8B24406B2F002F571E /* WKInterfaceButtonExtension.swift in Sources */ = {isa = PBXBuildFile; fileRef = 9B267B8924406B2F002F571E /* WKInterfaceButtonExtension.swift */; };
		9B267B8C24406B2F002F571E /* WKInterfaceLabelExtension.swift in Sources */ = {isa = PBXBuildFile; fileRef = 9B267B8A24406B2F002F571E /* WKInterfaceLabelExtension.swift */; };
		9B267B8E24406D71002F571E /* WKInterfaceTextFieldExtension.swift in Sources */ = {isa = PBXBuildFile; fileRef = 9B267B8D24406D71002F571E /* WKInterfaceTextFieldExtension.swift */; };
		9B267BA424408072002F571E /* AttributedString.framework in Frameworks */ = {isa = PBXBuildFile; fileRef = 9B267B9B24408072002F571E /* AttributedString.framework */; };
		9B267BB2244080FC002F571E /* AttributedString.h in Headers */ = {isa = PBXBuildFile; fileRef = 9B6E894F23823C40009EBEBE /* AttributedString.h */; settings = {ATTRIBUTES = (Public, ); }; };
		9B267BB32440811F002F571E /* CGSizeExtension.swift in Sources */ = {isa = PBXBuildFile; fileRef = 9B6E89AE238275D2009EBEBE /* CGSizeExtension.swift */; };
		9B267BB42440811F002F571E /* CGRectExtension.swift in Sources */ = {isa = PBXBuildFile; fileRef = 9B6E89B02382766F009EBEBE /* CGRectExtension.swift */; };
		9B267BB52440811F002F571E /* CGPointExtension.swift in Sources */ = {isa = PBXBuildFile; fileRef = 9B6E89B2238276B0009EBEBE /* CGPointExtension.swift */; };
		9B267BB62440811F002F571E /* Extension.swift in Sources */ = {isa = PBXBuildFile; fileRef = 9B0A2A3723851EB6003D8A55 /* Extension.swift */; };
		9B267BB72440811F002F571E /* AttributedString.swift in Sources */ = {isa = PBXBuildFile; fileRef = 9B6E899D23823FFD009EBEBE /* AttributedString.swift */; };
		9B267BB82440811F002F571E /* Interpolation.swift in Sources */ = {isa = PBXBuildFile; fileRef = 9B6E89A123826D8E009EBEBE /* Interpolation.swift */; };
		9B267BB92440811F002F571E /* Attribute.swift in Sources */ = {isa = PBXBuildFile; fileRef = 9B6E89E02382C301009EBEBE /* Attribute.swift */; };
		9B267BBA2440811F002F571E /* ParagraphStyle.swift in Sources */ = {isa = PBXBuildFile; fileRef = 9B6E89E22382C392009EBEBE /* ParagraphStyle.swift */; };
		9B267BBB2440811F002F571E /* Attachment.swift in Sources */ = {isa = PBXBuildFile; fileRef = 9B6E89E42382C488009EBEBE /* Attachment.swift */; };
		9B267BC0244081BB002F571E /* AttributedString_tvOS_Tests.swift in Sources */ = {isa = PBXBuildFile; fileRef = 9B267BBF244081BB002F571E /* AttributedString_tvOS_Tests.swift */; };
		9B267BE424408357002F571E /* UITextViewExtension.swift in Sources */ = {isa = PBXBuildFile; fileRef = 9B6E89A7238273E4009EBEBE /* UITextViewExtension.swift */; };
		9B267BE524408357002F571E /* UITextFieldExtension.swift in Sources */ = {isa = PBXBuildFile; fileRef = 9B6E89A92382742F009EBEBE /* UITextFieldExtension.swift */; };
		9B267BE624408357002F571E /* UILabelExtension.swift in Sources */ = {isa = PBXBuildFile; fileRef = 9B6E89AB238274CB009EBEBE /* UILabelExtension.swift */; };
		9B267BE724408357002F571E /* ShadowExtension.swift in Sources */ = {isa = PBXBuildFile; fileRef = 9B6E89DE23828F7C009EBEBE /* ShadowExtension.swift */; };
		9B267BE824408357002F571E /* UIButtonExtension.swift in Sources */ = {isa = PBXBuildFile; fileRef = 9B0A2A39238524E1003D8A55 /* UIButtonExtension.swift */; };
		9B34BD3F243DBE7500932E6C /* AttributedString.h in Headers */ = {isa = PBXBuildFile; fileRef = 9B6E894F23823C40009EBEBE /* AttributedString.h */; settings = {ATTRIBUTES = (Public, ); }; };
		9B34BD40243DBEA900932E6C /* CGSizeExtension.swift in Sources */ = {isa = PBXBuildFile; fileRef = 9B6E89AE238275D2009EBEBE /* CGSizeExtension.swift */; };
		9B34BD41243DBEA900932E6C /* CGRectExtension.swift in Sources */ = {isa = PBXBuildFile; fileRef = 9B6E89B02382766F009EBEBE /* CGRectExtension.swift */; };
		9B34BD42243DBEA900932E6C /* CGPointExtension.swift in Sources */ = {isa = PBXBuildFile; fileRef = 9B6E89B2238276B0009EBEBE /* CGPointExtension.swift */; };
		9B34BD43243DBEA900932E6C /* Extension.swift in Sources */ = {isa = PBXBuildFile; fileRef = 9B0A2A3723851EB6003D8A55 /* Extension.swift */; };
		9B34BD44243DBEA900932E6C /* AttributedString.swift in Sources */ = {isa = PBXBuildFile; fileRef = 9B6E899D23823FFD009EBEBE /* AttributedString.swift */; };
		9B34BD45243DBEA900932E6C /* Interpolation.swift in Sources */ = {isa = PBXBuildFile; fileRef = 9B6E89A123826D8E009EBEBE /* Interpolation.swift */; };
		9B34BD46243DBEA900932E6C /* Attribute.swift in Sources */ = {isa = PBXBuildFile; fileRef = 9B6E89E02382C301009EBEBE /* Attribute.swift */; };
		9B34BD47243DBEA900932E6C /* ParagraphStyle.swift in Sources */ = {isa = PBXBuildFile; fileRef = 9B6E89E22382C392009EBEBE /* ParagraphStyle.swift */; };
		9B34BD48243DBEA900932E6C /* Attachment.swift in Sources */ = {isa = PBXBuildFile; fileRef = 9B6E89E42382C488009EBEBE /* Attachment.swift */; };
		9B34BD68243DFCBB00932E6C /* NSTextFieldExtension.swift in Sources */ = {isa = PBXBuildFile; fileRef = 9B34BD66243DFC9E00932E6C /* NSTextFieldExtension.swift */; };
		9B6854C524971B8B005F301C /* ShadowExtension.swift in Sources */ = {isa = PBXBuildFile; fileRef = 9B6E89DE23828F7C009EBEBE /* ShadowExtension.swift */; };
		9B6854C624971B8C005F301C /* ShadowExtension.swift in Sources */ = {isa = PBXBuildFile; fileRef = 9B6E89DE23828F7C009EBEBE /* ShadowExtension.swift */; };
		9B6E895123823C40009EBEBE /* AttributedString.h in Headers */ = {isa = PBXBuildFile; fileRef = 9B6E894F23823C40009EBEBE /* AttributedString.h */; settings = {ATTRIBUTES = (Public, ); }; };
		9B6E899E23823FFD009EBEBE /* AttributedString.swift in Sources */ = {isa = PBXBuildFile; fileRef = 9B6E899D23823FFD009EBEBE /* AttributedString.swift */; };
		9B6E89A223826D8E009EBEBE /* Interpolation.swift in Sources */ = {isa = PBXBuildFile; fileRef = 9B6E89A123826D8E009EBEBE /* Interpolation.swift */; };
		9B6E89A8238273E4009EBEBE /* UITextViewExtension.swift in Sources */ = {isa = PBXBuildFile; fileRef = 9B6E89A7238273E4009EBEBE /* UITextViewExtension.swift */; };
		9B6E89AA2382742F009EBEBE /* UITextFieldExtension.swift in Sources */ = {isa = PBXBuildFile; fileRef = 9B6E89A92382742F009EBEBE /* UITextFieldExtension.swift */; };
		9B6E89AC238274CB009EBEBE /* UILabelExtension.swift in Sources */ = {isa = PBXBuildFile; fileRef = 9B6E89AB238274CB009EBEBE /* UILabelExtension.swift */; };
		9B6E89AF238275D2009EBEBE /* CGSizeExtension.swift in Sources */ = {isa = PBXBuildFile; fileRef = 9B6E89AE238275D2009EBEBE /* CGSizeExtension.swift */; };
		9B6E89B12382766F009EBEBE /* CGRectExtension.swift in Sources */ = {isa = PBXBuildFile; fileRef = 9B6E89B02382766F009EBEBE /* CGRectExtension.swift */; };
		9B6E89B3238276B0009EBEBE /* CGPointExtension.swift in Sources */ = {isa = PBXBuildFile; fileRef = 9B6E89B2238276B0009EBEBE /* CGPointExtension.swift */; };
		9B6E89DF23828F7C009EBEBE /* ShadowExtension.swift in Sources */ = {isa = PBXBuildFile; fileRef = 9B6E89DE23828F7C009EBEBE /* ShadowExtension.swift */; };
		9B6E89E12382C301009EBEBE /* Attribute.swift in Sources */ = {isa = PBXBuildFile; fileRef = 9B6E89E02382C301009EBEBE /* Attribute.swift */; };
		9B6E89E32382C392009EBEBE /* ParagraphStyle.swift in Sources */ = {isa = PBXBuildFile; fileRef = 9B6E89E22382C392009EBEBE /* ParagraphStyle.swift */; };
		9B6E89E52382C488009EBEBE /* Attachment.swift in Sources */ = {isa = PBXBuildFile; fileRef = 9B6E89E42382C488009EBEBE /* Attachment.swift */; };
		9B8765A024850742009C51C2 /* ObjectExtension.swift in Sources */ = {isa = PBXBuildFile; fileRef = 9B87659F24850742009C51C2 /* ObjectExtension.swift */; };
		9B8765A124850742009C51C2 /* ObjectExtension.swift in Sources */ = {isa = PBXBuildFile; fileRef = 9B87659F24850742009C51C2 /* ObjectExtension.swift */; };
		9B8765A224850742009C51C2 /* ObjectExtension.swift in Sources */ = {isa = PBXBuildFile; fileRef = 9B87659F24850742009C51C2 /* ObjectExtension.swift */; };
		9B8765A324850742009C51C2 /* ObjectExtension.swift in Sources */ = {isa = PBXBuildFile; fileRef = 9B87659F24850742009C51C2 /* ObjectExtension.swift */; };
		9BA451E824B0412E00BE3F02 /* ArrayExtension.swift in Sources */ = {isa = PBXBuildFile; fileRef = 9BA451E724B0412E00BE3F02 /* ArrayExtension.swift */; };
		9BA451E924B0412E00BE3F02 /* ArrayExtension.swift in Sources */ = {isa = PBXBuildFile; fileRef = 9BA451E724B0412E00BE3F02 /* ArrayExtension.swift */; };
		9BA451EA24B0412E00BE3F02 /* ArrayExtension.swift in Sources */ = {isa = PBXBuildFile; fileRef = 9BA451E724B0412E00BE3F02 /* ArrayExtension.swift */; };
		9BA451EB24B0412E00BE3F02 /* ArrayExtension.swift in Sources */ = {isa = PBXBuildFile; fileRef = 9BA451E724B0412E00BE3F02 /* ArrayExtension.swift */; };
		9BAA0DCD24A4915F00702C23 /* Checking.swift in Sources */ = {isa = PBXBuildFile; fileRef = 9BBC525E24A053A600CBDFFF /* Checking.swift */; };
		9BAA0DCE24A4916A00702C23 /* Checking.swift in Sources */ = {isa = PBXBuildFile; fileRef = 9BBC525E24A053A600CBDFFF /* Checking.swift */; };
		9BAA0DCF24A4916A00702C23 /* Checking.swift in Sources */ = {isa = PBXBuildFile; fileRef = 9BBC525E24A053A600CBDFFF /* Checking.swift */; };
		9BBC525F24A053A600CBDFFF /* Checking.swift in Sources */ = {isa = PBXBuildFile; fileRef = 9BBC525E24A053A600CBDFFF /* Checking.swift */; };
		9BE7D4C62488E0FC00DE1176 /* Action.swift in Sources */ = {isa = PBXBuildFile; fileRef = 9BE7D4C52488E0FC00DE1176 /* Action.swift */; };
		9BE7D4C72488E0FC00DE1176 /* Action.swift in Sources */ = {isa = PBXBuildFile; fileRef = 9BE7D4C52488E0FC00DE1176 /* Action.swift */; };
		9BE7D4C82488E0FC00DE1176 /* Action.swift in Sources */ = {isa = PBXBuildFile; fileRef = 9BE7D4C52488E0FC00DE1176 /* Action.swift */; };
		9BE7D4C92488E0FC00DE1176 /* Action.swift in Sources */ = {isa = PBXBuildFile; fileRef = 9BE7D4C52488E0FC00DE1176 /* Action.swift */; };
		9BEBB11324D511A000355C22 /* UILabelLayoutManagerDelegate.swift in Sources */ = {isa = PBXBuildFile; fileRef = 9BEBB11224D511A000355C22 /* UILabelLayoutManagerDelegate.swift */; };
		9BEBB11424D511A000355C22 /* UILabelLayoutManagerDelegate.swift in Sources */ = {isa = PBXBuildFile; fileRef = 9BEBB11224D511A000355C22 /* UILabelLayoutManagerDelegate.swift */; };
/* End PBXBuildFile section */

/* Begin PBXContainerItemProxy section */
		9B267B2024404124002F571E /* PBXContainerItemProxy */ = {
			isa = PBXContainerItemProxy;
			containerPortal = 9B6E894323823C40009EBEBE /* Project object */;
			proxyType = 1;
			remoteGlobalIDString = 9B6E894B23823C40009EBEBE;
			remoteInfo = "AttributedString-iOS";
		};
		9B267B2F2440433F002F571E /* PBXContainerItemProxy */ = {
			isa = PBXContainerItemProxy;
			containerPortal = 9B6E894323823C40009EBEBE /* Project object */;
			proxyType = 1;
			remoteGlobalIDString = 9B34BD36243DBC8100932E6C;
			remoteInfo = "AttributedString-macOS";
		};
		9B267BA524408072002F571E /* PBXContainerItemProxy */ = {
			isa = PBXContainerItemProxy;
			containerPortal = 9B6E894323823C40009EBEBE /* Project object */;
			proxyType = 1;
			remoteGlobalIDString = 9B267B9A24408072002F571E;
			remoteInfo = "AttributedString-tvOS";
		};
/* End PBXContainerItemProxy section */

/* Begin PBXFileReference section */
		9B0A2A3723851EB6003D8A55 /* Extension.swift */ = {isa = PBXFileReference; lastKnownFileType = sourcecode.swift; path = Extension.swift; sourceTree = "<group>"; };
		9B0A2A39238524E1003D8A55 /* UIButtonExtension.swift */ = {isa = PBXFileReference; lastKnownFileType = sourcecode.swift; path = UIButtonExtension.swift; sourceTree = "<group>"; };
		9B152CAD272BE94200D8D4B2 /* ActionQueue.swift */ = {isa = PBXFileReference; lastKnownFileType = sourcecode.swift; path = ActionQueue.swift; sourceTree = "<group>"; };
		9B267B1A24404124002F571E /* AttributedString-iOS Tests.xctest */ = {isa = PBXFileReference; explicitFileType = wrapper.cfbundle; includeInIndex = 0; path = "AttributedString-iOS Tests.xctest"; sourceTree = BUILT_PRODUCTS_DIR; };
		9B267B1C24404124002F571E /* AttributedString_iOS_Tests.swift */ = {isa = PBXFileReference; lastKnownFileType = sourcecode.swift; path = AttributedString_iOS_Tests.swift; sourceTree = "<group>"; };
		9B267B1E24404124002F571E /* Info.plist */ = {isa = PBXFileReference; lastKnownFileType = text.plist.xml; path = Info.plist; sourceTree = "<group>"; };
		9B267B292440433F002F571E /* AttributedString-macOS Tests.xctest */ = {isa = PBXFileReference; explicitFileType = wrapper.cfbundle; includeInIndex = 0; path = "AttributedString-macOS Tests.xctest"; sourceTree = BUILT_PRODUCTS_DIR; };
		9B267B2B2440433F002F571E /* AttributedString_macOS_Tests.swift */ = {isa = PBXFileReference; lastKnownFileType = sourcecode.swift; path = AttributedString_macOS_Tests.swift; sourceTree = "<group>"; };
		9B267B3B24404922002F571E /* AttributedString.framework */ = {isa = PBXFileReference; explicitFileType = wrapper.framework; includeInIndex = 0; path = AttributedString.framework; sourceTree = BUILT_PRODUCTS_DIR; };
		9B267B8924406B2F002F571E /* WKInterfaceButtonExtension.swift */ = {isa = PBXFileReference; fileEncoding = 4; lastKnownFileType = sourcecode.swift; path = WKInterfaceButtonExtension.swift; sourceTree = "<group>"; };
		9B267B8A24406B2F002F571E /* WKInterfaceLabelExtension.swift */ = {isa = PBXFileReference; fileEncoding = 4; lastKnownFileType = sourcecode.swift; path = WKInterfaceLabelExtension.swift; sourceTree = "<group>"; };
		9B267B8D24406D71002F571E /* WKInterfaceTextFieldExtension.swift */ = {isa = PBXFileReference; lastKnownFileType = sourcecode.swift; path = WKInterfaceTextFieldExtension.swift; sourceTree = "<group>"; };
		9B267B9B24408072002F571E /* AttributedString.framework */ = {isa = PBXFileReference; explicitFileType = wrapper.framework; includeInIndex = 0; path = AttributedString.framework; sourceTree = BUILT_PRODUCTS_DIR; };
		9B267BA324408072002F571E /* AttributedString-tvOS Tests.xctest */ = {isa = PBXFileReference; explicitFileType = wrapper.cfbundle; includeInIndex = 0; path = "AttributedString-tvOS Tests.xctest"; sourceTree = BUILT_PRODUCTS_DIR; };
		9B267BBF244081BB002F571E /* AttributedString_tvOS_Tests.swift */ = {isa = PBXFileReference; lastKnownFileType = sourcecode.swift; path = AttributedString_tvOS_Tests.swift; sourceTree = "<group>"; };
		9B34BD37243DBC8100932E6C /* AttributedString.framework */ = {isa = PBXFileReference; explicitFileType = wrapper.framework; includeInIndex = 0; path = AttributedString.framework; sourceTree = BUILT_PRODUCTS_DIR; };
		9B34BD66243DFC9E00932E6C /* NSTextFieldExtension.swift */ = {isa = PBXFileReference; lastKnownFileType = sourcecode.swift; path = NSTextFieldExtension.swift; sourceTree = "<group>"; };
		9B6E894C23823C40009EBEBE /* AttributedString.framework */ = {isa = PBXFileReference; explicitFileType = wrapper.framework; includeInIndex = 0; path = AttributedString.framework; sourceTree = BUILT_PRODUCTS_DIR; };
		9B6E894F23823C40009EBEBE /* AttributedString.h */ = {isa = PBXFileReference; lastKnownFileType = sourcecode.c.h; path = AttributedString.h; sourceTree = "<group>"; };
		9B6E895023823C40009EBEBE /* Info.plist */ = {isa = PBXFileReference; lastKnownFileType = text.plist.xml; path = Info.plist; sourceTree = "<group>"; };
		9B6E899D23823FFD009EBEBE /* AttributedString.swift */ = {isa = PBXFileReference; lastKnownFileType = sourcecode.swift; path = AttributedString.swift; sourceTree = "<group>"; };
		9B6E89A123826D8E009EBEBE /* Interpolation.swift */ = {isa = PBXFileReference; lastKnownFileType = sourcecode.swift; path = Interpolation.swift; sourceTree = "<group>"; };
		9B6E89A7238273E4009EBEBE /* UITextViewExtension.swift */ = {isa = PBXFileReference; lastKnownFileType = sourcecode.swift; path = UITextViewExtension.swift; sourceTree = "<group>"; };
		9B6E89A92382742F009EBEBE /* UITextFieldExtension.swift */ = {isa = PBXFileReference; lastKnownFileType = sourcecode.swift; path = UITextFieldExtension.swift; sourceTree = "<group>"; };
		9B6E89AB238274CB009EBEBE /* UILabelExtension.swift */ = {isa = PBXFileReference; lastKnownFileType = sourcecode.swift; path = UILabelExtension.swift; sourceTree = "<group>"; };
		9B6E89AE238275D2009EBEBE /* CGSizeExtension.swift */ = {isa = PBXFileReference; lastKnownFileType = sourcecode.swift; path = CGSizeExtension.swift; sourceTree = "<group>"; };
		9B6E89B02382766F009EBEBE /* CGRectExtension.swift */ = {isa = PBXFileReference; lastKnownFileType = sourcecode.swift; path = CGRectExtension.swift; sourceTree = "<group>"; };
		9B6E89B2238276B0009EBEBE /* CGPointExtension.swift */ = {isa = PBXFileReference; lastKnownFileType = sourcecode.swift; path = CGPointExtension.swift; sourceTree = "<group>"; };
		9B6E89DE23828F7C009EBEBE /* ShadowExtension.swift */ = {isa = PBXFileReference; lastKnownFileType = sourcecode.swift; path = ShadowExtension.swift; sourceTree = "<group>"; };
		9B6E89E02382C301009EBEBE /* Attribute.swift */ = {isa = PBXFileReference; lastKnownFileType = sourcecode.swift; path = Attribute.swift; sourceTree = "<group>"; };
		9B6E89E22382C392009EBEBE /* ParagraphStyle.swift */ = {isa = PBXFileReference; lastKnownFileType = sourcecode.swift; path = ParagraphStyle.swift; sourceTree = "<group>"; };
		9B6E89E42382C488009EBEBE /* Attachment.swift */ = {isa = PBXFileReference; lastKnownFileType = sourcecode.swift; path = Attachment.swift; sourceTree = "<group>"; };
		9B87659F24850742009C51C2 /* ObjectExtension.swift */ = {isa = PBXFileReference; lastKnownFileType = sourcecode.swift; path = ObjectExtension.swift; sourceTree = "<group>"; };
		9BA451E724B0412E00BE3F02 /* ArrayExtension.swift */ = {isa = PBXFileReference; lastKnownFileType = sourcecode.swift; path = ArrayExtension.swift; sourceTree = "<group>"; };
		9BBC525E24A053A600CBDFFF /* Checking.swift */ = {isa = PBXFileReference; lastKnownFileType = sourcecode.swift; path = Checking.swift; sourceTree = "<group>"; };
		9BE7D4C52488E0FC00DE1176 /* Action.swift */ = {isa = PBXFileReference; lastKnownFileType = sourcecode.swift; path = Action.swift; sourceTree = "<group>"; };
		9BEBB11224D511A000355C22 /* UILabelLayoutManagerDelegate.swift */ = {isa = PBXFileReference; lastKnownFileType = sourcecode.swift; path = UILabelLayoutManagerDelegate.swift; sourceTree = "<group>"; };
/* End PBXFileReference section */

/* Begin PBXFrameworksBuildPhase section */
		9B267B1724404124002F571E /* Frameworks */ = {
			isa = PBXFrameworksBuildPhase;
			buildActionMask = 2147483647;
			files = (
				9B267B1F24404124002F571E /* AttributedString.framework in Frameworks */,
			);
			runOnlyForDeploymentPostprocessing = 0;
		};
		9B267B262440433F002F571E /* Frameworks */ = {
			isa = PBXFrameworksBuildPhase;
			buildActionMask = 2147483647;
			files = (
				9B267B2E2440433F002F571E /* AttributedString.framework in Frameworks */,
			);
			runOnlyForDeploymentPostprocessing = 0;
		};
		9B267B3824404922002F571E /* Frameworks */ = {
			isa = PBXFrameworksBuildPhase;
			buildActionMask = 2147483647;
			files = (
			);
			runOnlyForDeploymentPostprocessing = 0;
		};
		9B267B9824408072002F571E /* Frameworks */ = {
			isa = PBXFrameworksBuildPhase;
			buildActionMask = 2147483647;
			files = (
			);
			runOnlyForDeploymentPostprocessing = 0;
		};
		9B267BA024408072002F571E /* Frameworks */ = {
			isa = PBXFrameworksBuildPhase;
			buildActionMask = 2147483647;
			files = (
				9B267BA424408072002F571E /* AttributedString.framework in Frameworks */,
			);
			runOnlyForDeploymentPostprocessing = 0;
		};
		9B34BD34243DBC8100932E6C /* Frameworks */ = {
			isa = PBXFrameworksBuildPhase;
			buildActionMask = 2147483647;
			files = (
			);
			runOnlyForDeploymentPostprocessing = 0;
		};
		9B6E894923823C40009EBEBE /* Frameworks */ = {
			isa = PBXFrameworksBuildPhase;
			buildActionMask = 2147483647;
			files = (
			);
			runOnlyForDeploymentPostprocessing = 0;
		};
/* End PBXFrameworksBuildPhase section */

/* Begin PBXGroup section */
		9B267B1B24404124002F571E /* Tests */ = {
			isa = PBXGroup;
			children = (
				9B267B1C24404124002F571E /* AttributedString_iOS_Tests.swift */,
				9B267BBF244081BB002F571E /* AttributedString_tvOS_Tests.swift */,
				9B267B2B2440433F002F571E /* AttributedString_macOS_Tests.swift */,
				9B267B1E24404124002F571E /* Info.plist */,
			);
			path = Tests;
			sourceTree = "<group>";
		};
		9B267B8424406AF8002F571E /* WatchKit */ = {
			isa = PBXGroup;
			children = (
				9B267B8924406B2F002F571E /* WKInterfaceButtonExtension.swift */,
				9B267B8A24406B2F002F571E /* WKInterfaceLabelExtension.swift */,
				9B267B8D24406D71002F571E /* WKInterfaceTextFieldExtension.swift */,
			);
			path = WatchKit;
			sourceTree = "<group>";
		};
		9B6E894223823C40009EBEBE = {
			isa = PBXGroup;
			children = (
				9B6E895023823C40009EBEBE /* Info.plist */,
				9B6E894E23823C40009EBEBE /* Sources */,
				9B267B1B24404124002F571E /* Tests */,
				9B6E894D23823C40009EBEBE /* Products */,
			);
			sourceTree = "<group>";
		};
		9B6E894D23823C40009EBEBE /* Products */ = {
			isa = PBXGroup;
			children = (
				9B6E894C23823C40009EBEBE /* AttributedString.framework */,
				9B34BD37243DBC8100932E6C /* AttributedString.framework */,
				9B267B1A24404124002F571E /* AttributedString-iOS Tests.xctest */,
				9B267B292440433F002F571E /* AttributedString-macOS Tests.xctest */,
				9B267B3B24404922002F571E /* AttributedString.framework */,
				9B267B9B24408072002F571E /* AttributedString.framework */,
				9B267BA324408072002F571E /* AttributedString-tvOS Tests.xctest */,
			);
			name = Products;
			sourceTree = "<group>";
		};
		9B6E894E23823C40009EBEBE /* Sources */ = {
			isa = PBXGroup;
			children = (
				9B6E89A32382738E009EBEBE /* Extension */,
				9B6E894F23823C40009EBEBE /* AttributedString.h */,
				9B6E899D23823FFD009EBEBE /* AttributedString.swift */,
				9B6E89A123826D8E009EBEBE /* Interpolation.swift */,
				9B6E89E02382C301009EBEBE /* Attribute.swift */,
				9B6E89E22382C392009EBEBE /* ParagraphStyle.swift */,
				9B6E89E42382C488009EBEBE /* Attachment.swift */,
				9BE7D4C52488E0FC00DE1176 /* Action.swift */,
				9BBC525E24A053A600CBDFFF /* Checking.swift */,
			);
			path = Sources;
			sourceTree = "<group>";
		};
		9B6E89A32382738E009EBEBE /* Extension */ = {
			isa = PBXGroup;
			children = (
				9B267B8424406AF8002F571E /* WatchKit */,
				9B6E89AD238275B1009EBEBE /* CoreGraphics */,
				9B6E89A5238273B2009EBEBE /* AppKit */,
				9B6E89A42382739C009EBEBE /* UIKit */,
				9B0A2A3723851EB6003D8A55 /* Extension.swift */,
				9BA451E724B0412E00BE3F02 /* ArrayExtension.swift */,
				9B87659F24850742009C51C2 /* ObjectExtension.swift */,
				9B6E89DE23828F7C009EBEBE /* ShadowExtension.swift */,
			);
			path = Extension;
			sourceTree = "<group>";
		};
		9B6E89A42382739C009EBEBE /* UIKit */ = {
			isa = PBXGroup;
			children = (
				9B152CAD272BE94200D8D4B2 /* ActionQueue.swift */,
				9BEBB11124D5113D00355C22 /* UILabel */,
				9B6E89A7238273E4009EBEBE /* UITextViewExtension.swift */,
				9B6E89A92382742F009EBEBE /* UITextFieldExtension.swift */,
				9B0A2A39238524E1003D8A55 /* UIButtonExtension.swift */,
			);
			path = UIKit;
			sourceTree = "<group>";
		};
		9B6E89A5238273B2009EBEBE /* AppKit */ = {
			isa = PBXGroup;
			children = (
				9B34BD66243DFC9E00932E6C /* NSTextFieldExtension.swift */,
			);
			path = AppKit;
			sourceTree = "<group>";
		};
		9B6E89AD238275B1009EBEBE /* CoreGraphics */ = {
			isa = PBXGroup;
			children = (
				9B6E89AE238275D2009EBEBE /* CGSizeExtension.swift */,
				9B6E89B02382766F009EBEBE /* CGRectExtension.swift */,
				9B6E89B2238276B0009EBEBE /* CGPointExtension.swift */,
			);
			path = CoreGraphics;
			sourceTree = "<group>";
		};
		9BEBB11124D5113D00355C22 /* UILabel */ = {
			isa = PBXGroup;
			children = (
				9B6E89AB238274CB009EBEBE /* UILabelExtension.swift */,
				9BEBB11224D511A000355C22 /* UILabelLayoutManagerDelegate.swift */,
			);
			path = UILabel;
			sourceTree = "<group>";
		};
/* End PBXGroup section */

/* Begin PBXHeadersBuildPhase section */
		9B267B3624404922002F571E /* Headers */ = {
			isa = PBXHeadersBuildPhase;
			buildActionMask = 2147483647;
			files = (
				9B267B76244066B0002F571E /* AttributedString.h in Headers */,
			);
			runOnlyForDeploymentPostprocessing = 0;
		};
		9B267B9624408072002F571E /* Headers */ = {
			isa = PBXHeadersBuildPhase;
			buildActionMask = 2147483647;
			files = (
				9B267BB2244080FC002F571E /* AttributedString.h in Headers */,
			);
			runOnlyForDeploymentPostprocessing = 0;
		};
		9B34BD32243DBC8100932E6C /* Headers */ = {
			isa = PBXHeadersBuildPhase;
			buildActionMask = 2147483647;
			files = (
				9B34BD3F243DBE7500932E6C /* AttributedString.h in Headers */,
			);
			runOnlyForDeploymentPostprocessing = 0;
		};
		9B6E894723823C40009EBEBE /* Headers */ = {
			isa = PBXHeadersBuildPhase;
			buildActionMask = 2147483647;
			files = (
				9B6E895123823C40009EBEBE /* AttributedString.h in Headers */,
			);
			runOnlyForDeploymentPostprocessing = 0;
		};
/* End PBXHeadersBuildPhase section */

/* Begin PBXNativeTarget section */
		9B267B1924404124002F571E /* AttributedString-iOS Tests */ = {
			isa = PBXNativeTarget;
			buildConfigurationList = 9B267B2224404124002F571E /* Build configuration list for PBXNativeTarget "AttributedString-iOS Tests" */;
			buildPhases = (
				9B267B1624404124002F571E /* Sources */,
				9B267B1724404124002F571E /* Frameworks */,
				9B267B1824404124002F571E /* Resources */,
			);
			buildRules = (
			);
			dependencies = (
				9B267B2124404124002F571E /* PBXTargetDependency */,
			);
			name = "AttributedString-iOS Tests";
			productName = "AttributedString-iOS Tests";
			productReference = 9B267B1A24404124002F571E /* AttributedString-iOS Tests.xctest */;
			productType = "com.apple.product-type.bundle.unit-test";
		};
		9B267B282440433F002F571E /* AttributedString-macOS Tests */ = {
			isa = PBXNativeTarget;
			buildConfigurationList = 9B267B312440433F002F571E /* Build configuration list for PBXNativeTarget "AttributedString-macOS Tests" */;
			buildPhases = (
				9B267B252440433F002F571E /* Sources */,
				9B267B262440433F002F571E /* Frameworks */,
				9B267B272440433F002F571E /* Resources */,
			);
			buildRules = (
			);
			dependencies = (
				9B267B302440433F002F571E /* PBXTargetDependency */,
			);
			name = "AttributedString-macOS Tests";
			productName = "AttributedString-macOS Tests";
			productReference = 9B267B292440433F002F571E /* AttributedString-macOS Tests.xctest */;
			productType = "com.apple.product-type.bundle.unit-test";
		};
		9B267B3A24404922002F571E /* AttributedString-watchOS */ = {
			isa = PBXNativeTarget;
			buildConfigurationList = 9B267B4024404922002F571E /* Build configuration list for PBXNativeTarget "AttributedString-watchOS" */;
			buildPhases = (
				9B267B3624404922002F571E /* Headers */,
				9B267B3724404922002F571E /* Sources */,
				9B267B3824404922002F571E /* Frameworks */,
				9B267B3924404922002F571E /* Resources */,
			);
			buildRules = (
			);
			dependencies = (
			);
			name = "AttributedString-watchOS";
			productName = "AttributedString-watchOS";
			productReference = 9B267B3B24404922002F571E /* AttributedString.framework */;
			productType = "com.apple.product-type.framework";
		};
		9B267B9A24408072002F571E /* AttributedString-tvOS */ = {
			isa = PBXNativeTarget;
			buildConfigurationList = 9B267BAC24408072002F571E /* Build configuration list for PBXNativeTarget "AttributedString-tvOS" */;
			buildPhases = (
				9B267B9624408072002F571E /* Headers */,
				9B267B9724408072002F571E /* Sources */,
				9B267B9824408072002F571E /* Frameworks */,
				9B267B9924408072002F571E /* Resources */,
			);
			buildRules = (
			);
			dependencies = (
			);
			name = "AttributedString-tvOS";
			productName = "AttributedString-tvOS";
			productReference = 9B267B9B24408072002F571E /* AttributedString.framework */;
			productType = "com.apple.product-type.framework";
		};
		9B267BA224408072002F571E /* AttributedString-tvOS Tests */ = {
			isa = PBXNativeTarget;
			buildConfigurationList = 9B267BAF24408072002F571E /* Build configuration list for PBXNativeTarget "AttributedString-tvOS Tests" */;
			buildPhases = (
				9B267B9F24408072002F571E /* Sources */,
				9B267BA024408072002F571E /* Frameworks */,
				9B267BA124408072002F571E /* Resources */,
			);
			buildRules = (
			);
			dependencies = (
				9B267BA624408072002F571E /* PBXTargetDependency */,
			);
			name = "AttributedString-tvOS Tests";
			productName = "AttributedString-tvOSTests";
			productReference = 9B267BA324408072002F571E /* AttributedString-tvOS Tests.xctest */;
			productType = "com.apple.product-type.bundle.unit-test";
		};
		9B34BD36243DBC8100932E6C /* AttributedString-macOS */ = {
			isa = PBXNativeTarget;
			buildConfigurationList = 9B34BD3E243DBC8100932E6C /* Build configuration list for PBXNativeTarget "AttributedString-macOS" */;
			buildPhases = (
				9B34BD32243DBC8100932E6C /* Headers */,
				9B34BD33243DBC8100932E6C /* Sources */,
				9B34BD34243DBC8100932E6C /* Frameworks */,
				9B34BD35243DBC8100932E6C /* Resources */,
			);
			buildRules = (
			);
			dependencies = (
			);
			name = "AttributedString-macOS";
			productName = "AttributedString-MacOS";
			productReference = 9B34BD37243DBC8100932E6C /* AttributedString.framework */;
			productType = "com.apple.product-type.framework";
		};
		9B6E894B23823C40009EBEBE /* AttributedString-iOS */ = {
			isa = PBXNativeTarget;
			buildConfigurationList = 9B6E895423823C40009EBEBE /* Build configuration list for PBXNativeTarget "AttributedString-iOS" */;
			buildPhases = (
				9B6E894723823C40009EBEBE /* Headers */,
				9B6E894823823C40009EBEBE /* Sources */,
				9B6E894923823C40009EBEBE /* Frameworks */,
				9B6E894A23823C40009EBEBE /* Resources */,
			);
			buildRules = (
			);
			dependencies = (
			);
			name = "AttributedString-iOS";
			productName = AttributedString;
			productReference = 9B6E894C23823C40009EBEBE /* AttributedString.framework */;
			productType = "com.apple.product-type.framework";
		};
/* End PBXNativeTarget section */

/* Begin PBXProject section */
		9B6E894323823C40009EBEBE /* Project object */ = {
			isa = PBXProject;
			attributes = {
				LastSwiftUpdateCheck = 1140;
				LastUpgradeCheck = 1110;
				ORGANIZATIONNAME = LEE;
				TargetAttributes = {
					9B267B1924404124002F571E = {
						CreatedOnToolsVersion = 11.4;
					};
					9B267B282440433F002F571E = {
						CreatedOnToolsVersion = 11.4;
					};
					9B267B3A24404922002F571E = {
						CreatedOnToolsVersion = 11.4;
					};
					9B267B9A24408072002F571E = {
						CreatedOnToolsVersion = 11.4;
					};
					9B267BA224408072002F571E = {
						CreatedOnToolsVersion = 11.4;
						LastSwiftMigration = 1140;
					};
					9B34BD36243DBC8100932E6C = {
						CreatedOnToolsVersion = 11.4;
					};
					9B6E894B23823C40009EBEBE = {
						CreatedOnToolsVersion = 11.1;
						LastSwiftMigration = 1110;
					};
				};
			};
			buildConfigurationList = 9B6E894623823C40009EBEBE /* Build configuration list for PBXProject "AttributedString" */;
			compatibilityVersion = "Xcode 9.3";
			developmentRegion = en;
			hasScannedForEncodings = 0;
			knownRegions = (
				en,
				Base,
			);
			mainGroup = 9B6E894223823C40009EBEBE;
			productRefGroup = 9B6E894D23823C40009EBEBE /* Products */;
			projectDirPath = "";
			projectRoot = "";
			targets = (
				9B6E894B23823C40009EBEBE /* AttributedString-iOS */,
				9B34BD36243DBC8100932E6C /* AttributedString-macOS */,
				9B267B3A24404922002F571E /* AttributedString-watchOS */,
				9B267B1924404124002F571E /* AttributedString-iOS Tests */,
				9B267B282440433F002F571E /* AttributedString-macOS Tests */,
				9B267B9A24408072002F571E /* AttributedString-tvOS */,
				9B267BA224408072002F571E /* AttributedString-tvOS Tests */,
			);
		};
/* End PBXProject section */

/* Begin PBXResourcesBuildPhase section */
		9B267B1824404124002F571E /* Resources */ = {
			isa = PBXResourcesBuildPhase;
			buildActionMask = 2147483647;
			files = (
			);
			runOnlyForDeploymentPostprocessing = 0;
		};
		9B267B272440433F002F571E /* Resources */ = {
			isa = PBXResourcesBuildPhase;
			buildActionMask = 2147483647;
			files = (
			);
			runOnlyForDeploymentPostprocessing = 0;
		};
		9B267B3924404922002F571E /* Resources */ = {
			isa = PBXResourcesBuildPhase;
			buildActionMask = 2147483647;
			files = (
			);
			runOnlyForDeploymentPostprocessing = 0;
		};
		9B267B9924408072002F571E /* Resources */ = {
			isa = PBXResourcesBuildPhase;
			buildActionMask = 2147483647;
			files = (
			);
			runOnlyForDeploymentPostprocessing = 0;
		};
		9B267BA124408072002F571E /* Resources */ = {
			isa = PBXResourcesBuildPhase;
			buildActionMask = 2147483647;
			files = (
			);
			runOnlyForDeploymentPostprocessing = 0;
		};
		9B34BD35243DBC8100932E6C /* Resources */ = {
			isa = PBXResourcesBuildPhase;
			buildActionMask = 2147483647;
			files = (
			);
			runOnlyForDeploymentPostprocessing = 0;
		};
		9B6E894A23823C40009EBEBE /* Resources */ = {
			isa = PBXResourcesBuildPhase;
			buildActionMask = 2147483647;
			files = (
			);
			runOnlyForDeploymentPostprocessing = 0;
		};
/* End PBXResourcesBuildPhase section */

/* Begin PBXSourcesBuildPhase section */
		9B267B1624404124002F571E /* Sources */ = {
			isa = PBXSourcesBuildPhase;
			buildActionMask = 2147483647;
			files = (
				9B267B1D24404124002F571E /* AttributedString_iOS_Tests.swift in Sources */,
			);
			runOnlyForDeploymentPostprocessing = 0;
		};
		9B267B252440433F002F571E /* Sources */ = {
			isa = PBXSourcesBuildPhase;
			buildActionMask = 2147483647;
			files = (
				9B267B3524404391002F571E /* AttributedString_macOS_Tests.swift in Sources */,
			);
			runOnlyForDeploymentPostprocessing = 0;
		};
		9B267B3724404922002F571E /* Sources */ = {
			isa = PBXSourcesBuildPhase;
			buildActionMask = 2147483647;
			files = (
				9B267B8C24406B2F002F571E /* WKInterfaceLabelExtension.swift in Sources */,
				9B267B77244066C1002F571E /* CGSizeExtension.swift in Sources */,
				9B267B78244066C1002F571E /* CGRectExtension.swift in Sources */,
				9BA451EA24B0412E00BE3F02 /* ArrayExtension.swift in Sources */,
				9B267B79244066C1002F571E /* CGPointExtension.swift in Sources */,
				9BE7D4C82488E0FC00DE1176 /* Action.swift in Sources */,
				9BAA0DCF24A4916A00702C23 /* Checking.swift in Sources */,
				9B267B7A244066C1002F571E /* Extension.swift in Sources */,
				9B267B8B24406B2F002F571E /* WKInterfaceButtonExtension.swift in Sources */,
				9B267B7B244066C1002F571E /* AttributedString.swift in Sources */,
				9B267B7C244066C1002F571E /* Interpolation.swift in Sources */,
				9B267B7D244066C1002F571E /* Attribute.swift in Sources */,
				9B8765A224850742009C51C2 /* ObjectExtension.swift in Sources */,
				9B267B7E244066C1002F571E /* ParagraphStyle.swift in Sources */,
				9B6854C624971B8C005F301C /* ShadowExtension.swift in Sources */,
				9B267B7F244066C1002F571E /* Attachment.swift in Sources */,
				9B267B8E24406D71002F571E /* WKInterfaceTextFieldExtension.swift in Sources */,
			);
			runOnlyForDeploymentPostprocessing = 0;
		};
		9B267B9724408072002F571E /* Sources */ = {
			isa = PBXSourcesBuildPhase;
			buildActionMask = 2147483647;
			files = (
				9B267BE424408357002F571E /* UITextViewExtension.swift in Sources */,
				9B267BE524408357002F571E /* UITextFieldExtension.swift in Sources */,
				9B267BE624408357002F571E /* UILabelExtension.swift in Sources */,
				9BEBB11424D511A000355C22 /* UILabelLayoutManagerDelegate.swift in Sources */,
				9B267BE724408357002F571E /* ShadowExtension.swift in Sources */,
				9B267BE824408357002F571E /* UIButtonExtension.swift in Sources */,
				9B8765A324850742009C51C2 /* ObjectExtension.swift in Sources */,
				9B267BB32440811F002F571E /* CGSizeExtension.swift in Sources */,
				9B267BB42440811F002F571E /* CGRectExtension.swift in Sources */,
				9BE7D4C92488E0FC00DE1176 /* Action.swift in Sources */,
				9BA451EB24B0412E00BE3F02 /* ArrayExtension.swift in Sources */,
				9B152CAF272BE94200D8D4B2 /* ActionQueue.swift in Sources */,
				9B267BB52440811F002F571E /* CGPointExtension.swift in Sources */,
				9B267BB62440811F002F571E /* Extension.swift in Sources */,
				9B267BB72440811F002F571E /* AttributedString.swift in Sources */,
				9B267BB82440811F002F571E /* Interpolation.swift in Sources */,
				9B267BB92440811F002F571E /* Attribute.swift in Sources */,
				9B267BBA2440811F002F571E /* ParagraphStyle.swift in Sources */,
				9B267BBB2440811F002F571E /* Attachment.swift in Sources */,
				9BAA0DCD24A4915F00702C23 /* Checking.swift in Sources */,
			);
			runOnlyForDeploymentPostprocessing = 0;
		};
		9B267B9F24408072002F571E /* Sources */ = {
			isa = PBXSourcesBuildPhase;
			buildActionMask = 2147483647;
			files = (
				9B267BC0244081BB002F571E /* AttributedString_tvOS_Tests.swift in Sources */,
			);
			runOnlyForDeploymentPostprocessing = 0;
		};
		9B34BD33243DBC8100932E6C /* Sources */ = {
			isa = PBXSourcesBuildPhase;
			buildActionMask = 2147483647;
			files = (
				9B34BD68243DFCBB00932E6C /* NSTextFieldExtension.swift in Sources */,
				9B34BD40243DBEA900932E6C /* CGSizeExtension.swift in Sources */,
				9B34BD41243DBEA900932E6C /* CGRectExtension.swift in Sources */,
				9BAA0DCE24A4916A00702C23 /* Checking.swift in Sources */,
				9B34BD42243DBEA900932E6C /* CGPointExtension.swift in Sources */,
				9B34BD43243DBEA900932E6C /* Extension.swift in Sources */,
				9BA451E924B0412E00BE3F02 /* ArrayExtension.swift in Sources */,
				9B6854C524971B8B005F301C /* ShadowExtension.swift in Sources */,
				9B34BD44243DBEA900932E6C /* AttributedString.swift in Sources */,
				9B34BD45243DBEA900932E6C /* Interpolation.swift in Sources */,
				9B8765A124850742009C51C2 /* ObjectExtension.swift in Sources */,
				9B34BD46243DBEA900932E6C /* Attribute.swift in Sources */,
				9BE7D4C72488E0FC00DE1176 /* Action.swift in Sources */,
				9B34BD47243DBEA900932E6C /* ParagraphStyle.swift in Sources */,
				9B34BD48243DBEA900932E6C /* Attachment.swift in Sources */,
			);
			runOnlyForDeploymentPostprocessing = 0;
		};
		9B6E894823823C40009EBEBE /* Sources */ = {
			isa = PBXSourcesBuildPhase;
			buildActionMask = 2147483647;
			files = (
				9B6E89E32382C392009EBEBE /* ParagraphStyle.swift in Sources */,
				9B6E89AA2382742F009EBEBE /* UITextFieldExtension.swift in Sources */,
				9B6E89E52382C488009EBEBE /* Attachment.swift in Sources */,
				9BEBB11324D511A000355C22 /* UILabelLayoutManagerDelegate.swift in Sources */,
				9B6E89A223826D8E009EBEBE /* Interpolation.swift in Sources */,
				9B6E89B3238276B0009EBEBE /* CGPointExtension.swift in Sources */,
				9B8765A024850742009C51C2 /* ObjectExtension.swift in Sources */,
				9B6E89DF23828F7C009EBEBE /* ShadowExtension.swift in Sources */,
				9B6E89AF238275D2009EBEBE /* CGSizeExtension.swift in Sources */,
				9BE7D4C62488E0FC00DE1176 /* Action.swift in Sources */,
				9BA451E824B0412E00BE3F02 /* ArrayExtension.swift in Sources */,
				9B152CAE272BE94200D8D4B2 /* ActionQueue.swift in Sources */,
				9B6E89B12382766F009EBEBE /* CGRectExtension.swift in Sources */,
				9B6E89A8238273E4009EBEBE /* UITextViewExtension.swift in Sources */,
				9B0A2A3823851EB6003D8A55 /* Extension.swift in Sources */,
				9B6E89AC238274CB009EBEBE /* UILabelExtension.swift in Sources */,
				9B0A2A3A238524E1003D8A55 /* UIButtonExtension.swift in Sources */,
				9B6E89E12382C301009EBEBE /* Attribute.swift in Sources */,
				9B6E899E23823FFD009EBEBE /* AttributedString.swift in Sources */,
				9BBC525F24A053A600CBDFFF /* Checking.swift in Sources */,
			);
			runOnlyForDeploymentPostprocessing = 0;
		};
/* End PBXSourcesBuildPhase section */

/* Begin PBXTargetDependency section */
		9B267B2124404124002F571E /* PBXTargetDependency */ = {
			isa = PBXTargetDependency;
			target = 9B6E894B23823C40009EBEBE /* AttributedString-iOS */;
			targetProxy = 9B267B2024404124002F571E /* PBXContainerItemProxy */;
		};
		9B267B302440433F002F571E /* PBXTargetDependency */ = {
			isa = PBXTargetDependency;
			target = 9B34BD36243DBC8100932E6C /* AttributedString-macOS */;
			targetProxy = 9B267B2F2440433F002F571E /* PBXContainerItemProxy */;
		};
		9B267BA624408072002F571E /* PBXTargetDependency */ = {
			isa = PBXTargetDependency;
			target = 9B267B9A24408072002F571E /* AttributedString-tvOS */;
			targetProxy = 9B267BA524408072002F571E /* PBXContainerItemProxy */;
		};
/* End PBXTargetDependency section */

/* Begin XCBuildConfiguration section */
		9B267B2324404124002F571E /* Debug */ = {
			isa = XCBuildConfiguration;
			buildSettings = {
				"CODE_SIGN_IDENTITY[sdk=macosx*]" = "-";
				CODE_SIGN_STYLE = Automatic;
				DEVELOPMENT_TEAM = "";
				INFOPLIST_FILE = Tests/Info.plist;
				IPHONEOS_DEPLOYMENT_TARGET = 13.4;
				LD_RUNPATH_SEARCH_PATHS = (
					"$(inherited)",
					"@executable_path/Frameworks",
					"@loader_path/Frameworks",
				);
				PRODUCT_BUNDLE_IDENTIFIER = com.attributedstring.ios.tests;
				PRODUCT_NAME = "$(TARGET_NAME)";
				SWIFT_VERSION = 5.0;
				TARGETED_DEVICE_FAMILY = "1,2";
			};
			name = Debug;
		};
		9B267B2424404124002F571E /* Release */ = {
			isa = XCBuildConfiguration;
			buildSettings = {
				"CODE_SIGN_IDENTITY[sdk=macosx*]" = "-";
				CODE_SIGN_STYLE = Automatic;
				DEVELOPMENT_TEAM = "";
				INFOPLIST_FILE = Tests/Info.plist;
				IPHONEOS_DEPLOYMENT_TARGET = 13.4;
				LD_RUNPATH_SEARCH_PATHS = (
					"$(inherited)",
					"@executable_path/Frameworks",
					"@loader_path/Frameworks",
				);
				PRODUCT_BUNDLE_IDENTIFIER = com.attributedstring.ios.tests;
				PRODUCT_NAME = "$(TARGET_NAME)";
				SWIFT_VERSION = 5.0;
				TARGETED_DEVICE_FAMILY = "1,2";
			};
			name = Release;
		};
		9B267B322440433F002F571E /* Debug */ = {
			isa = XCBuildConfiguration;
			buildSettings = {
				CODE_SIGN_STYLE = Automatic;
				COMBINE_HIDPI_IMAGES = YES;
				DEVELOPMENT_TEAM = "";
				INFOPLIST_FILE = Tests/Info.plist;
				LD_RUNPATH_SEARCH_PATHS = (
					"$(inherited)",
					"@executable_path/../Frameworks",
					"@loader_path/../Frameworks",
				);
				MACOSX_DEPLOYMENT_TARGET = 10.15;
				PRODUCT_BUNDLE_IDENTIFIER = com.attributedstring.macos.tests;
				PRODUCT_NAME = "$(TARGET_NAME)";
				SDKROOT = macosx;
				SWIFT_VERSION = 5.0;
			};
			name = Debug;
		};
		9B267B332440433F002F571E /* Release */ = {
			isa = XCBuildConfiguration;
			buildSettings = {
				CODE_SIGN_STYLE = Automatic;
				COMBINE_HIDPI_IMAGES = YES;
				DEVELOPMENT_TEAM = "";
				INFOPLIST_FILE = Tests/Info.plist;
				LD_RUNPATH_SEARCH_PATHS = (
					"$(inherited)",
					"@executable_path/../Frameworks",
					"@loader_path/../Frameworks",
				);
				MACOSX_DEPLOYMENT_TARGET = 10.15;
				PRODUCT_BUNDLE_IDENTIFIER = com.attributedstring.macos.tests;
				PRODUCT_NAME = "$(TARGET_NAME)";
				SDKROOT = macosx;
				SWIFT_VERSION = 5.0;
			};
			name = Release;
		};
		9B267B4124404922002F571E /* Debug */ = {
			isa = XCBuildConfiguration;
			buildSettings = {
				APPLICATION_EXTENSION_API_ONLY = YES;
				CODE_SIGN_STYLE = Automatic;
				DEFINES_MODULE = YES;
				DEVELOPMENT_TEAM = "";
				DYLIB_COMPATIBILITY_VERSION = 1;
				DYLIB_CURRENT_VERSION = 1;
				DYLIB_INSTALL_NAME_BASE = "@rpath";
				INFOPLIST_FILE = Info.plist;
				INSTALL_PATH = "$(LOCAL_LIBRARY_DIR)/Frameworks";
				LD_RUNPATH_SEARCH_PATHS = (
					"$(inherited)",
					"@executable_path/Frameworks",
					"@loader_path/Frameworks",
				);
				MARKETING_VERSION = 2.2.2;
				PRODUCT_BUNDLE_IDENTIFIER = com.attributedstring.watchos;
				PRODUCT_NAME = AttributedString;
				SDKROOT = watchos;
				SKIP_INSTALL = YES;
				SWIFT_VERSION = 5.0;
				TARGETED_DEVICE_FAMILY = 4;
				WATCHOS_DEPLOYMENT_TARGET = 5.0;
			};
			name = Debug;
		};
		9B267B4224404922002F571E /* Release */ = {
			isa = XCBuildConfiguration;
			buildSettings = {
				APPLICATION_EXTENSION_API_ONLY = YES;
				CODE_SIGN_STYLE = Automatic;
				DEFINES_MODULE = YES;
				DEVELOPMENT_TEAM = "";
				DYLIB_COMPATIBILITY_VERSION = 1;
				DYLIB_CURRENT_VERSION = 1;
				DYLIB_INSTALL_NAME_BASE = "@rpath";
				INFOPLIST_FILE = Info.plist;
				INSTALL_PATH = "$(LOCAL_LIBRARY_DIR)/Frameworks";
				LD_RUNPATH_SEARCH_PATHS = (
					"$(inherited)",
					"@executable_path/Frameworks",
					"@loader_path/Frameworks",
				);
				MARKETING_VERSION = 2.2.2;
				PRODUCT_BUNDLE_IDENTIFIER = com.attributedstring.watchos;
				PRODUCT_NAME = AttributedString;
				SDKROOT = watchos;
				SKIP_INSTALL = YES;
				SWIFT_VERSION = 5.0;
				TARGETED_DEVICE_FAMILY = 4;
				WATCHOS_DEPLOYMENT_TARGET = 5.0;
			};
			name = Release;
		};
		9B267BAD24408072002F571E /* Debug */ = {
			isa = XCBuildConfiguration;
			buildSettings = {
				CODE_SIGN_STYLE = Automatic;
				DEFINES_MODULE = YES;
				DEVELOPMENT_TEAM = "";
				DYLIB_COMPATIBILITY_VERSION = 1;
				DYLIB_CURRENT_VERSION = 1;
				DYLIB_INSTALL_NAME_BASE = "@rpath";
				INFOPLIST_FILE = Info.plist;
				INSTALL_PATH = "$(LOCAL_LIBRARY_DIR)/Frameworks";
				LD_RUNPATH_SEARCH_PATHS = (
					"$(inherited)",
					"@executable_path/Frameworks",
					"@loader_path/Frameworks",
				);
				MARKETING_VERSION = 2.2.2;
				PRODUCT_BUNDLE_IDENTIFIER = com.attributedstring.tvos;
				PRODUCT_NAME = AttributedString;
				SDKROOT = appletvos;
				SKIP_INSTALL = YES;
				SWIFT_VERSION = 5.0;
				TARGETED_DEVICE_FAMILY = 3;
				TVOS_DEPLOYMENT_TARGET = 10.0;
			};
			name = Debug;
		};
		9B267BAE24408072002F571E /* Release */ = {
			isa = XCBuildConfiguration;
			buildSettings = {
				CODE_SIGN_STYLE = Automatic;
				DEFINES_MODULE = YES;
				DEVELOPMENT_TEAM = "";
				DYLIB_COMPATIBILITY_VERSION = 1;
				DYLIB_CURRENT_VERSION = 1;
				DYLIB_INSTALL_NAME_BASE = "@rpath";
				INFOPLIST_FILE = Info.plist;
				INSTALL_PATH = "$(LOCAL_LIBRARY_DIR)/Frameworks";
				LD_RUNPATH_SEARCH_PATHS = (
					"$(inherited)",
					"@executable_path/Frameworks",
					"@loader_path/Frameworks",
				);
				MARKETING_VERSION = 2.2.2;
				PRODUCT_BUNDLE_IDENTIFIER = com.attributedstring.tvos;
				PRODUCT_NAME = AttributedString;
				SDKROOT = appletvos;
				SKIP_INSTALL = YES;
				SWIFT_VERSION = 5.0;
				TARGETED_DEVICE_FAMILY = 3;
				TVOS_DEPLOYMENT_TARGET = 10.0;
			};
			name = Release;
		};
		9B267BB024408072002F571E /* Debug */ = {
			isa = XCBuildConfiguration;
			buildSettings = {
				ALWAYS_EMBED_SWIFT_STANDARD_LIBRARIES = YES;
				CLANG_ENABLE_MODULES = YES;
				CODE_SIGN_STYLE = Automatic;
				DEVELOPMENT_TEAM = "";
				INFOPLIST_FILE = Tests/Info.plist;
				LD_RUNPATH_SEARCH_PATHS = (
					"$(inherited)",
					"@executable_path/Frameworks",
					"@loader_path/Frameworks",
				);
				PRODUCT_BUNDLE_IDENTIFIER = com.attributedstring.tvos.tests;
				PRODUCT_NAME = "$(TARGET_NAME)";
				SDKROOT = appletvos;
				SWIFT_OBJC_BRIDGING_HEADER = "";
				SWIFT_OPTIMIZATION_LEVEL = "-Onone";
				SWIFT_VERSION = 5.0;
				TARGETED_DEVICE_FAMILY = 3;
				TVOS_DEPLOYMENT_TARGET = 13.4;
			};
			name = Debug;
		};
		9B267BB124408072002F571E /* Release */ = {
			isa = XCBuildConfiguration;
			buildSettings = {
				ALWAYS_EMBED_SWIFT_STANDARD_LIBRARIES = YES;
				CLANG_ENABLE_MODULES = YES;
				CODE_SIGN_STYLE = Automatic;
				DEVELOPMENT_TEAM = "";
				INFOPLIST_FILE = Tests/Info.plist;
				LD_RUNPATH_SEARCH_PATHS = (
					"$(inherited)",
					"@executable_path/Frameworks",
					"@loader_path/Frameworks",
				);
				PRODUCT_BUNDLE_IDENTIFIER = com.attributedstring.tvos.tests;
				PRODUCT_NAME = "$(TARGET_NAME)";
				SDKROOT = appletvos;
				SWIFT_OBJC_BRIDGING_HEADER = "";
				SWIFT_VERSION = 5.0;
				TARGETED_DEVICE_FAMILY = 3;
				TVOS_DEPLOYMENT_TARGET = 13.4;
			};
			name = Release;
		};
		9B34BD3C243DBC8100932E6C /* Debug */ = {
			isa = XCBuildConfiguration;
			buildSettings = {
				CODE_SIGN_STYLE = Automatic;
				COMBINE_HIDPI_IMAGES = YES;
				DEFINES_MODULE = YES;
				DEVELOPMENT_TEAM = "";
				DYLIB_COMPATIBILITY_VERSION = 1;
				DYLIB_CURRENT_VERSION = 1;
				DYLIB_INSTALL_NAME_BASE = "@rpath";
				INFOPLIST_FILE = Info.plist;
				INSTALL_PATH = "$(LOCAL_LIBRARY_DIR)/Frameworks";
				LD_RUNPATH_SEARCH_PATHS = (
					"$(inherited)",
					"@executable_path/../Frameworks",
					"@loader_path/Frameworks",
				);
				MACOSX_DEPLOYMENT_TARGET = 10.13;
				MARKETING_VERSION = 2.2.2;
				PRODUCT_BUNDLE_IDENTIFIER = com.lee.attributedstring.macos;
				PRODUCT_NAME = AttributedString;
				SDKROOT = macosx;
				SKIP_INSTALL = YES;
				SWIFT_VERSION = 5.0;
			};
			name = Debug;
		};
		9B34BD3D243DBC8100932E6C /* Release */ = {
			isa = XCBuildConfiguration;
			buildSettings = {
				CODE_SIGN_STYLE = Automatic;
				COMBINE_HIDPI_IMAGES = YES;
				DEFINES_MODULE = YES;
				DEVELOPMENT_TEAM = "";
				DYLIB_COMPATIBILITY_VERSION = 1;
				DYLIB_CURRENT_VERSION = 1;
				DYLIB_INSTALL_NAME_BASE = "@rpath";
				INFOPLIST_FILE = Info.plist;
				INSTALL_PATH = "$(LOCAL_LIBRARY_DIR)/Frameworks";
				LD_RUNPATH_SEARCH_PATHS = (
					"$(inherited)",
					"@executable_path/../Frameworks",
					"@loader_path/Frameworks",
				);
				MACOSX_DEPLOYMENT_TARGET = 10.13;
				MARKETING_VERSION = 2.2.2;
				PRODUCT_BUNDLE_IDENTIFIER = com.lee.attributedstring.macos;
				PRODUCT_NAME = AttributedString;
				SDKROOT = macosx;
				SKIP_INSTALL = YES;
				SWIFT_VERSION = 5.0;
			};
			name = Release;
		};
		9B6E895223823C40009EBEBE /* Debug */ = {
			isa = XCBuildConfiguration;
			buildSettings = {
				ALWAYS_SEARCH_USER_PATHS = NO;
				CLANG_ANALYZER_NONNULL = YES;
				CLANG_ANALYZER_NUMBER_OBJECT_CONVERSION = YES_AGGRESSIVE;
				CLANG_CXX_LANGUAGE_STANDARD = "gnu++14";
				CLANG_CXX_LIBRARY = "libc++";
				CLANG_ENABLE_MODULES = YES;
				CLANG_ENABLE_OBJC_ARC = YES;
				CLANG_ENABLE_OBJC_WEAK = YES;
				CLANG_WARN_BLOCK_CAPTURE_AUTORELEASING = YES;
				CLANG_WARN_BOOL_CONVERSION = YES;
				CLANG_WARN_COMMA = YES;
				CLANG_WARN_CONSTANT_CONVERSION = YES;
				CLANG_WARN_DEPRECATED_OBJC_IMPLEMENTATIONS = YES;
				CLANG_WARN_DIRECT_OBJC_ISA_USAGE = YES_ERROR;
				CLANG_WARN_DOCUMENTATION_COMMENTS = YES;
				CLANG_WARN_EMPTY_BODY = YES;
				CLANG_WARN_ENUM_CONVERSION = YES;
				CLANG_WARN_INFINITE_RECURSION = YES;
				CLANG_WARN_INT_CONVERSION = YES;
				CLANG_WARN_NON_LITERAL_NULL_CONVERSION = YES;
				CLANG_WARN_OBJC_IMPLICIT_RETAIN_SELF = YES;
				CLANG_WARN_OBJC_LITERAL_CONVERSION = YES;
				CLANG_WARN_OBJC_ROOT_CLASS = YES_ERROR;
				CLANG_WARN_RANGE_LOOP_ANALYSIS = YES;
				CLANG_WARN_STRICT_PROTOTYPES = YES;
				CLANG_WARN_SUSPICIOUS_MOVE = YES;
				CLANG_WARN_UNGUARDED_AVAILABILITY = YES_AGGRESSIVE;
				CLANG_WARN_UNREACHABLE_CODE = YES;
				CLANG_WARN__DUPLICATE_METHOD_MATCH = YES;
				COPY_PHASE_STRIP = NO;
				CURRENT_PROJECT_VERSION = 1;
				DEBUG_INFORMATION_FORMAT = dwarf;
				ENABLE_STRICT_OBJC_MSGSEND = YES;
				ENABLE_TESTABILITY = YES;
				GCC_C_LANGUAGE_STANDARD = gnu11;
				GCC_DYNAMIC_NO_PIC = NO;
				GCC_NO_COMMON_BLOCKS = YES;
				GCC_OPTIMIZATION_LEVEL = 0;
				GCC_PREPROCESSOR_DEFINITIONS = (
					"DEBUG=1",
					"$(inherited)",
				);
				GCC_WARN_64_TO_32_BIT_CONVERSION = YES;
				GCC_WARN_ABOUT_RETURN_TYPE = YES_ERROR;
				GCC_WARN_UNDECLARED_SELECTOR = YES;
				GCC_WARN_UNINITIALIZED_AUTOS = YES_AGGRESSIVE;
				GCC_WARN_UNUSED_FUNCTION = YES;
				GCC_WARN_UNUSED_VARIABLE = YES;
				IPHONEOS_DEPLOYMENT_TARGET = 13.1;
				MTL_ENABLE_DEBUG_INFO = INCLUDE_SOURCE;
				MTL_FAST_MATH = YES;
				ONLY_ACTIVE_ARCH = YES;
				SDKROOT = iphoneos;
				SWIFT_ACTIVE_COMPILATION_CONDITIONS = DEBUG;
				SWIFT_OPTIMIZATION_LEVEL = "-Onone";
				VERSIONING_SYSTEM = "apple-generic";
				VERSION_INFO_PREFIX = "";
			};
			name = Debug;
		};
		9B6E895323823C40009EBEBE /* Release */ = {
			isa = XCBuildConfiguration;
			buildSettings = {
				ALWAYS_SEARCH_USER_PATHS = NO;
				CLANG_ANALYZER_NONNULL = YES;
				CLANG_ANALYZER_NUMBER_OBJECT_CONVERSION = YES_AGGRESSIVE;
				CLANG_CXX_LANGUAGE_STANDARD = "gnu++14";
				CLANG_CXX_LIBRARY = "libc++";
				CLANG_ENABLE_MODULES = YES;
				CLANG_ENABLE_OBJC_ARC = YES;
				CLANG_ENABLE_OBJC_WEAK = YES;
				CLANG_WARN_BLOCK_CAPTURE_AUTORELEASING = YES;
				CLANG_WARN_BOOL_CONVERSION = YES;
				CLANG_WARN_COMMA = YES;
				CLANG_WARN_CONSTANT_CONVERSION = YES;
				CLANG_WARN_DEPRECATED_OBJC_IMPLEMENTATIONS = YES;
				CLANG_WARN_DIRECT_OBJC_ISA_USAGE = YES_ERROR;
				CLANG_WARN_DOCUMENTATION_COMMENTS = YES;
				CLANG_WARN_EMPTY_BODY = YES;
				CLANG_WARN_ENUM_CONVERSION = YES;
				CLANG_WARN_INFINITE_RECURSION = YES;
				CLANG_WARN_INT_CONVERSION = YES;
				CLANG_WARN_NON_LITERAL_NULL_CONVERSION = YES;
				CLANG_WARN_OBJC_IMPLICIT_RETAIN_SELF = YES;
				CLANG_WARN_OBJC_LITERAL_CONVERSION = YES;
				CLANG_WARN_OBJC_ROOT_CLASS = YES_ERROR;
				CLANG_WARN_RANGE_LOOP_ANALYSIS = YES;
				CLANG_WARN_STRICT_PROTOTYPES = YES;
				CLANG_WARN_SUSPICIOUS_MOVE = YES;
				CLANG_WARN_UNGUARDED_AVAILABILITY = YES_AGGRESSIVE;
				CLANG_WARN_UNREACHABLE_CODE = YES;
				CLANG_WARN__DUPLICATE_METHOD_MATCH = YES;
				COPY_PHASE_STRIP = NO;
				CURRENT_PROJECT_VERSION = 1;
				DEBUG_INFORMATION_FORMAT = "dwarf-with-dsym";
				ENABLE_NS_ASSERTIONS = NO;
				ENABLE_STRICT_OBJC_MSGSEND = YES;
				GCC_C_LANGUAGE_STANDARD = gnu11;
				GCC_NO_COMMON_BLOCKS = YES;
				GCC_WARN_64_TO_32_BIT_CONVERSION = YES;
				GCC_WARN_ABOUT_RETURN_TYPE = YES_ERROR;
				GCC_WARN_UNDECLARED_SELECTOR = YES;
				GCC_WARN_UNINITIALIZED_AUTOS = YES_AGGRESSIVE;
				GCC_WARN_UNUSED_FUNCTION = YES;
				GCC_WARN_UNUSED_VARIABLE = YES;
				IPHONEOS_DEPLOYMENT_TARGET = 13.1;
				MTL_ENABLE_DEBUG_INFO = NO;
				MTL_FAST_MATH = YES;
				SDKROOT = iphoneos;
				SWIFT_COMPILATION_MODE = wholemodule;
				SWIFT_OPTIMIZATION_LEVEL = "-O";
				VALIDATE_PRODUCT = YES;
				VERSIONING_SYSTEM = "apple-generic";
				VERSION_INFO_PREFIX = "";
			};
			name = Release;
		};
		9B6E895523823C40009EBEBE /* Debug */ = {
			isa = XCBuildConfiguration;
			buildSettings = {
				CLANG_ENABLE_MODULES = YES;
				CODE_SIGN_STYLE = Automatic;
				DEFINES_MODULE = YES;
				DEVELOPMENT_TEAM = "";
				DYLIB_COMPATIBILITY_VERSION = 1;
				DYLIB_CURRENT_VERSION = 1;
				DYLIB_INSTALL_NAME_BASE = "@rpath";
				INFOPLIST_FILE = Info.plist;
				INSTALL_PATH = "$(LOCAL_LIBRARY_DIR)/Frameworks";
				IPHONEOS_DEPLOYMENT_TARGET = 9.0;
				LD_RUNPATH_SEARCH_PATHS = (
					"$(inherited)",
					"@executable_path/Frameworks",
					"@loader_path/Frameworks",
				);
				MARKETING_VERSION = 2.2.2;
				PRODUCT_BUNDLE_IDENTIFIER = com.lee.attributedstring.ios;
				PRODUCT_NAME = AttributedString;
				SKIP_INSTALL = YES;
				SWIFT_OBJC_BRIDGING_HEADER = "";
				SWIFT_OPTIMIZATION_LEVEL = "-Onone";
				SWIFT_VERSION = 5.0;
				TARGETED_DEVICE_FAMILY = "1,2";
			};
			name = Debug;
		};
		9B6E895623823C40009EBEBE /* Release */ = {
			isa = XCBuildConfiguration;
			buildSettings = {
				CLANG_ENABLE_MODULES = YES;
				CODE_SIGN_STYLE = Automatic;
				DEFINES_MODULE = YES;
				DEVELOPMENT_TEAM = "";
				DYLIB_COMPATIBILITY_VERSION = 1;
				DYLIB_CURRENT_VERSION = 1;
				DYLIB_INSTALL_NAME_BASE = "@rpath";
				INFOPLIST_FILE = Info.plist;
				INSTALL_PATH = "$(LOCAL_LIBRARY_DIR)/Frameworks";
				IPHONEOS_DEPLOYMENT_TARGET = 9.0;
				LD_RUNPATH_SEARCH_PATHS = (
					"$(inherited)",
					"@executable_path/Frameworks",
					"@loader_path/Frameworks",
				);
				MARKETING_VERSION = 2.2.2;
				PRODUCT_BUNDLE_IDENTIFIER = com.lee.attributedstring.ios;
				PRODUCT_NAME = AttributedString;
				SKIP_INSTALL = YES;
				SWIFT_OBJC_BRIDGING_HEADER = "";
				SWIFT_VERSION = 5.0;
				TARGETED_DEVICE_FAMILY = "1,2";
			};
			name = Release;
		};
/* End XCBuildConfiguration section */

/* Begin XCConfigurationList section */
		9B267B2224404124002F571E /* Build configuration list for PBXNativeTarget "AttributedString-iOS Tests" */ = {
			isa = XCConfigurationList;
			buildConfigurations = (
				9B267B2324404124002F571E /* Debug */,
				9B267B2424404124002F571E /* Release */,
			);
			defaultConfigurationIsVisible = 0;
			defaultConfigurationName = Release;
		};
		9B267B312440433F002F571E /* Build configuration list for PBXNativeTarget "AttributedString-macOS Tests" */ = {
			isa = XCConfigurationList;
			buildConfigurations = (
				9B267B322440433F002F571E /* Debug */,
				9B267B332440433F002F571E /* Release */,
			);
			defaultConfigurationIsVisible = 0;
			defaultConfigurationName = Release;
		};
		9B267B4024404922002F571E /* Build configuration list for PBXNativeTarget "AttributedString-watchOS" */ = {
			isa = XCConfigurationList;
			buildConfigurations = (
				9B267B4124404922002F571E /* Debug */,
				9B267B4224404922002F571E /* Release */,
			);
			defaultConfigurationIsVisible = 0;
			defaultConfigurationName = Release;
		};
		9B267BAC24408072002F571E /* Build configuration list for PBXNativeTarget "AttributedString-tvOS" */ = {
			isa = XCConfigurationList;
			buildConfigurations = (
				9B267BAD24408072002F571E /* Debug */,
				9B267BAE24408072002F571E /* Release */,
			);
			defaultConfigurationIsVisible = 0;
			defaultConfigurationName = Release;
		};
		9B267BAF24408072002F571E /* Build configuration list for PBXNativeTarget "AttributedString-tvOS Tests" */ = {
			isa = XCConfigurationList;
			buildConfigurations = (
				9B267BB024408072002F571E /* Debug */,
				9B267BB124408072002F571E /* Release */,
			);
			defaultConfigurationIsVisible = 0;
			defaultConfigurationName = Release;
		};
		9B34BD3E243DBC8100932E6C /* Build configuration list for PBXNativeTarget "AttributedString-macOS" */ = {
			isa = XCConfigurationList;
			buildConfigurations = (
				9B34BD3C243DBC8100932E6C /* Debug */,
				9B34BD3D243DBC8100932E6C /* Release */,
			);
			defaultConfigurationIsVisible = 0;
			defaultConfigurationName = Release;
		};
		9B6E894623823C40009EBEBE /* Build configuration list for PBXProject "AttributedString" */ = {
			isa = XCConfigurationList;
			buildConfigurations = (
				9B6E895223823C40009EBEBE /* Debug */,
				9B6E895323823C40009EBEBE /* Release */,
			);
			defaultConfigurationIsVisible = 0;
			defaultConfigurationName = Release;
		};
		9B6E895423823C40009EBEBE /* Build configuration list for PBXNativeTarget "AttributedString-iOS" */ = {
			isa = XCConfigurationList;
			buildConfigurations = (
				9B6E895523823C40009EBEBE /* Debug */,
				9B6E895623823C40009EBEBE /* Release */,
			);
			defaultConfigurationIsVisible = 0;
			defaultConfigurationName = Release;
		};
/* End XCConfigurationList section */
	};
	rootObject = 9B6E894323823C40009EBEBE /* Project object */;
}
