// !$*UTF8*$!
{
	archiveVersion = 1;
	classes = {
	};
	objectVersion = 50;
	objects = {

/* Begin PBXBuildFile section */
		9B6E89C123827C48009EBEBE /* AppDelegate.swift in Sources */ = {isa = PBXBuildFile; fileRef = 9B6E89C023827C48009EBEBE /* AppDelegate.swift */; };
		9B6E89C323827C48009EBEBE /* ViewController.swift in Sources */ = {isa = PBXBuildFile; fileRef = 9B6E89C223827C48009EBEBE /* ViewController.swift */; };
		9B6E89C523827C49009EBEBE /* Assets.xcassets in Resources */ = {isa = PBXBuildFile; fileRef = 9B6E89C423827C49009EBEBE /* Assets.xcassets */; };
		9B6E89C823827C49009EBEBE /* Main.storyboard in Resources */ = {isa = PBXBuildFile; fileRef = 9B6E89C623827C49009EBEBE /* Main.storyboard */; };
		9B6E89DA23828180009EBEBE /* AttributedString.framework in Frameworks */ = {isa = PBXBuildFile; fileRef = 9B6E89D923828180009EBEBE /* AttributedString.framework */; };
		9B6E89DB23828180009EBEBE /* AttributedString.framework in Embed Frameworks */ = {isa = PBXBuildFile; fileRef = 9B6E89D923828180009EBEBE /* AttributedString.framework */; settings = {ATTRIBUTES = (CodeSignOnCopy, RemoveHeadersOnCopy, ); }; };
/* End PBXBuildFile section */

/* Begin PBXCopyFilesBuildPhase section */
		9B6E89DC23828180009EBEBE /* Embed Frameworks */ = {
			isa = PBXCopyFilesBuildPhase;
			buildActionMask = 2147483647;
			dstPath = "";
			dstSubfolderSpec = 10;
			files = (
				9B6E89DB23828180009EBEBE /* AttributedString.framework in Embed Frameworks */,
			);
			name = "Embed Frameworks";
			runOnlyForDeploymentPostprocessing = 0;
		};
/* End PBXCopyFilesBuildPhase section */

/* Begin PBXFileReference section */
		9B6E89BD23827C48009EBEBE /* Demo-Mac.app */ = {isa = PBXFileReference; explicitFileType = wrapper.application; includeInIndex = 0; path = "Demo-Mac.app"; sourceTree = BUILT_PRODUCTS_DIR; };
		9B6E89C023827C48009EBEBE /* AppDelegate.swift */ = {isa = PBXFileReference; lastKnownFileType = sourcecode.swift; path = AppDelegate.swift; sourceTree = "<group>"; };
		9B6E89C223827C48009EBEBE /* ViewController.swift */ = {isa = PBXFileReference; lastKnownFileType = sourcecode.swift; path = ViewController.swift; sourceTree = "<group>"; };
		9B6E89C423827C49009EBEBE /* Assets.xcassets */ = {isa = PBXFileReference; lastKnownFileType = folder.assetcatalog; path = Assets.xcassets; sourceTree = "<group>"; };
		9B6E89C723827C49009EBEBE /* Base */ = {isa = PBXFileReference; lastKnownFileType = file.storyboard; name = Base; path = Base.lproj/Main.storyboard; sourceTree = "<group>"; };
		9B6E89C923827C49009EBEBE /* Info.plist */ = {isa = PBXFileReference; lastKnownFileType = text.plist.xml; path = Info.plist; sourceTree = "<group>"; };
		9B6E89CA23827C49009EBEBE /* Demo_Mac.entitlements */ = {isa = PBXFileReference; lastKnownFileType = text.plist.entitlements; path = Demo_Mac.entitlements; sourceTree = "<group>"; };
		9B6E89D923828180009EBEBE /* AttributedString.framework */ = {isa = PBXFileReference; explicitFileType = wrapper.framework; path = AttributedString.framework; sourceTree = BUILT_PRODUCTS_DIR; };
/* End PBXFileReference section */

/* Begin PBXFrameworksBuildPhase section */
		9B6E89BA23827C48009EBEBE /* Frameworks */ = {
			isa = PBXFrameworksBuildPhase;
			buildActionMask = 2147483647;
			files = (
				9B6E89DA23828180009EBEBE /* AttributedString.framework in Frameworks */,
			);
			runOnlyForDeploymentPostprocessing = 0;
		};
/* End PBXFrameworksBuildPhase section */

/* Begin PBXGroup section */
		9B6E89B423827C48009EBEBE = {
			isa = PBXGroup;
			children = (
				9B6E89BF23827C48009EBEBE /* Demo-Mac */,
				9B6E89BE23827C48009EBEBE /* Products */,
				9B6E89D823828180009EBEBE /* Frameworks */,
			);
			sourceTree = "<group>";
		};
		9B6E89BE23827C48009EBEBE /* Products */ = {
			isa = PBXGroup;
			children = (
				9B6E89BD23827C48009EBEBE /* Demo-Mac.app */,
			);
			name = Products;
			sourceTree = "<group>";
		};
		9B6E89BF23827C48009EBEBE /* Demo-Mac */ = {
			isa = PBXGroup;
			children = (
				9B6E89C023827C48009EBEBE /* AppDelegate.swift */,
				9B6E89C223827C48009EBEBE /* ViewController.swift */,
				9B6E89C423827C49009EBEBE /* Assets.xcassets */,
				9B6E89C623827C49009EBEBE /* Main.storyboard */,
				9B6E89C923827C49009EBEBE /* Info.plist */,
				9B6E89CA23827C49009EBEBE /* Demo_Mac.entitlements */,
			);
			path = "Demo-Mac";
			sourceTree = "<group>";
		};
		9B6E89D823828180009EBEBE /* Frameworks */ = {
			isa = PBXGroup;
			children = (
				9B6E89D923828180009EBEBE /* AttributedString.framework */,
			);
			name = Frameworks;
			sourceTree = "<group>";
		};
/* End PBXGroup section */

/* Begin PBXNativeTarget section */
		9B6E89BC23827C48009EBEBE /* Demo-Mac */ = {
			isa = PBXNativeTarget;
			buildConfigurationList = 9B6E89CD23827C49009EBEBE /* Build configuration list for PBXNativeTarget "Demo-Mac" */;
			buildPhases = (
				9B6E89B923827C48009EBEBE /* Sources */,
				9B6E89BA23827C48009EBEBE /* Frameworks */,
				9B6E89BB23827C48009EBEBE /* Resources */,
				9B6E89DC23828180009EBEBE /* Embed Frameworks */,
			);
			buildRules = (
			);
			dependencies = (
			);
			name = "Demo-Mac";
			productName = "Demo-Mac";
			productReference = 9B6E89BD23827C48009EBEBE /* Demo-Mac.app */;
			productType = "com.apple.product-type.application";
		};
/* End PBXNativeTarget section */

/* Begin PBXProject section */
		9B6E89B523827C48009EBEBE /* Project object */ = {
			isa = PBXProject;
			attributes = {
				LastSwiftUpdateCheck = 1110;
				LastUpgradeCheck = 1110;
				ORGANIZATIONNAME = LEE;
				TargetAttributes = {
					9B6E89BC23827C48009EBEBE = {
						CreatedOnToolsVersion = 11.1;
					};
				};
			};
			buildConfigurationList = 9B6E89B823827C48009EBEBE /* Build configuration list for PBXProject "Demo-Mac" */;
			compatibilityVersion = "Xcode 9.3";
			developmentRegion = en;
			hasScannedForEncodings = 0;
			knownRegions = (
				en,
				Base,
			);
			mainGroup = 9B6E89B423827C48009EBEBE;
			productRefGroup = 9B6E89BE23827C48009EBEBE /* Products */;
			projectDirPath = "";
			projectRoot = "";
			targets = (
				9B6E89BC23827C48009EBEBE /* Demo-Mac */,
			);
		};
/* End PBXProject section */

/* Begin PBXResourcesBuildPhase section */
		9B6E89BB23827C48009EBEBE /* Resources */ = {
			isa = PBXResourcesBuildPhase;
			buildActionMask = 2147483647;
			files = (
				9B6E89C523827C49009EBEBE /* Assets.xcassets in Resources */,
				9B6E89C823827C49009EBEBE /* Main.storyboard in Resources */,
			);
			runOnlyForDeploymentPostprocessing = 0;
		};
/* End PBXResourcesBuildPhase section */

/* Begin PBXSourcesBuildPhase section */
		9B6E89B923827C48009EBEBE /* Sources */ = {
			isa = PBXSourcesBuildPhase;
			buildActionMask = 2147483647;
			files = (
				9B6E89C323827C48009EBEBE /* ViewController.swift in Sources */,
				9B6E89C123827C48009EBEBE /* AppDelegate.swift in Sources */,
			);
			runOnlyForDeploymentPostprocessing = 0;
		};
/* End PBXSourcesBuildPhase section */

/* Begin PBXVariantGroup section */
		9B6E89C623827C49009EBEBE /* Main.storyboard */ = {
			isa = PBXVariantGroup;
			children = (
				9B6E89C723827C49009EBEBE /* Base */,
			);
			name = Main.storyboard;
			sourceTree = "<group>";
		};
/* End PBXVariantGroup section */

/* Begin XCBuildConfiguration section */
		9B6E89CB23827C49009EBEBE /* Debug */ = {
			isa = XCBuildConfiguration;
			buildSettings = {
				ALWAYS_SEARCH_USER_PATHS = NO;
				CLANG_ANALYZER_NONNULL = YES;
				CLANG_ANALYZER_NUMBER_OBJECT_CONVERSION = YES_AGGRESSIVE;
				CLANG_CXX_LANGUAGE_STANDARD = "gnu++14";
				CLANG_CXX_LIBRARY = "libc++";
				CLANG_ENABLE_MODULES = YES;
				CLANG_ENABLE_OBJC_ARC = YES;
				CLANG_ENABLE_OBJC_WEAK = YES;
				CLANG_WARN_BLOCK_CAPTURE_AUTORELEASING = YES;
				CLANG_WARN_BOOL_CONVERSION = YES;
				CLANG_WARN_COMMA = YES;
				CLANG_WARN_CONSTANT_CONVERSION = YES;
				CLANG_WARN_DEPRECATED_OBJC_IMPLEMENTATIONS = YES;
				CLANG_WARN_DIRECT_OBJC_ISA_USAGE = YES_ERROR;
				CLANG_WARN_DOCUMENTATION_COMMENTS = YES;
				CLANG_WARN_EMPTY_BODY = YES;
				CLANG_WARN_ENUM_CONVERSION = YES;
				CLANG_WARN_INFINITE_RECURSION = YES;
				CLANG_WARN_INT_CONVERSION = YES;
				CLANG_WARN_NON_LITERAL_NULL_CONVERSION = YES;
				CLANG_WARN_OBJC_IMPLICIT_RETAIN_SELF = YES;
				CLANG_WARN_OBJC_LITERAL_CONVERSION = YES;
				CLANG_WARN_OBJC_ROOT_CLASS = YES_ERROR;
				CLANG_WARN_RANGE_LOOP_ANALYSIS = YES;
				CLANG_WARN_STRICT_PROTOTYPES = YES;
				CLANG_WARN_SUSPICIOUS_MOVE = YES;
				CLANG_WARN_UNGUARDED_AVAILABILITY = YES_AGGRESSIVE;
				CLANG_WARN_UNREACHABLE_CODE = YES;
				CLANG_WARN__DUPLICATE_METHOD_MATCH = YES;
				COPY_PHASE_STRIP = NO;
				DEBUG_INFORMATION_FORMAT = dwarf;
				ENABLE_STRICT_OBJC_MSGSEND = YES;
				ENABLE_TESTABILITY = YES;
				GCC_C_LANGUAGE_STANDARD = gnu11;
				GCC_DYNAMIC_NO_PIC = NO;
				GCC_NO_COMMON_BLOCKS = YES;
				GCC_OPTIMIZATION_LEVEL = 0;
				GCC_PREPROCESSOR_DEFINITIONS = (
					"DEBUG=1",
					"$(inherited)",
				);
				GCC_WARN_64_TO_32_BIT_CONVERSION = YES;
				GCC_WARN_ABOUT_RETURN_TYPE = YES_ERROR;
				GCC_WARN_UNDECLARED_SELECTOR = YES;
				GCC_WARN_UNINITIALIZED_AUTOS = YES_AGGRESSIVE;
				GCC_WARN_UNUSED_FUNCTION = YES;
				GCC_WARN_UNUSED_VARIABLE = YES;
				MACOSX_DEPLOYMENT_TARGET = 10.15;
				MTL_ENABLE_DEBUG_INFO = INCLUDE_SOURCE;
				MTL_FAST_MATH = YES;
				ONLY_ACTIVE_ARCH = YES;
				SDKROOT = macosx;
				SWIFT_ACTIVE_COMPILATION_CONDITIONS = DEBUG;
				SWIFT_OPTIMIZATION_LEVEL = "-Onone";
			};
			name = Debug;
		};
		9B6E89CC23827C49009EBEBE /* Release */ = {
			isa = XCBuildConfiguration;
			buildSettings = {
				ALWAYS_SEARCH_USER_PATHS = NO;
				CLANG_ANALYZER_NONNULL = YES;
				CLANG_ANALYZER_NUMBER_OBJECT_CONVERSION = YES_AGGRESSIVE;
				CLANG_CXX_LANGUAGE_STANDARD = "gnu++14";
				CLANG_CXX_LIBRARY = "libc++";
				CLANG_ENABLE_MODULES = YES;
				CLANG_ENABLE_OBJC_ARC = YES;
				CLANG_ENABLE_OBJC_WEAK = YES;
				CLANG_WARN_BLOCK_CAPTURE_AUTORELEASING = YES;
				CLANG_WARN_BOOL_CONVERSION = YES;
				CLANG_WARN_COMMA = YES;
				CLANG_WARN_CONSTANT_CONVERSION = YES;
				CLANG_WARN_DEPRECATED_OBJC_IMPLEMENTATIONS = YES;
				CLANG_WARN_DIRECT_OBJC_ISA_USAGE = YES_ERROR;
				CLANG_WARN_DOCUMENTATION_COMMENTS = YES;
				CLANG_WARN_EMPTY_BODY = YES;
				CLANG_WARN_ENUM_CONVERSION = YES;
				CLANG_WARN_INFINITE_RECURSION = YES;
				CLANG_WARN_INT_CONVERSION = YES;
				CLANG_WARN_NON_LITERAL_NULL_CONVERSION = YES;
				CLANG_WARN_OBJC_IMPLICIT_RETAIN_SELF = YES;
				CLANG_WARN_OBJC_LITERAL_CONVERSION = YES;
				CLANG_WARN_OBJC_ROOT_CLASS = YES_ERROR;
				CLANG_WARN_RANGE_LOOP_ANALYSIS = YES;
				CLANG_WARN_STRICT_PROTOTYPES = YES;
				CLANG_WARN_SUSPICIOUS_MOVE = YES;
				CLANG_WARN_UNGUARDED_AVAILABILITY = YES_AGGRESSIVE;
				CLANG_WARN_UNREACHABLE_CODE = YES;
				CLANG_WARN__DUPLICATE_METHOD_MATCH = YES;
				COPY_PHASE_STRIP = NO;
				DEBUG_INFORMATION_FORMAT = "dwarf-with-dsym";
				ENABLE_NS_ASSERTIONS = NO;
				ENABLE_STRICT_OBJC_MSGSEND = YES;
				GCC_C_LANGUAGE_STANDARD = gnu11;
				GCC_NO_COMMON_BLOCKS = YES;
				GCC_WARN_64_TO_32_BIT_CONVERSION = YES;
				GCC_WARN_ABOUT_RETURN_TYPE = YES_ERROR;
				GCC_WARN_UNDECLARED_SELECTOR = YES;
				GCC_WARN_UNINITIALIZED_AUTOS = YES_AGGRESSIVE;
				GCC_WARN_UNUSED_FUNCTION = YES;
				GCC_WARN_UNUSED_VARIABLE = YES;
				MACOSX_DEPLOYMENT_TARGET = 10.15;
				MTL_ENABLE_DEBUG_INFO = NO;
				MTL_FAST_MATH = YES;
				SDKROOT = macosx;
				SWIFT_COMPILATION_MODE = wholemodule;
				SWIFT_OPTIMIZATION_LEVEL = "-O";
			};
			name = Release;
		};
		9B6E89CE23827C49009EBEBE /* Debug */ = {
			isa = XCBuildConfiguration;
			buildSettings = {
				ASSETCATALOG_COMPILER_APPICON_NAME = AppIcon;
				CODE_SIGN_ENTITLEMENTS = "Demo-Mac/Demo_Mac.entitlements";
				CODE_SIGN_STYLE = Automatic;
				COMBINE_HIDPI_IMAGES = YES;
				DEVELOPMENT_TEAM = B9D8DJR5J5;
				ENABLE_HARDENED_RUNTIME = YES;
				INFOPLIST_FILE = "Demo-Mac/Info.plist";
				LD_RUNPATH_SEARCH_PATHS = (
					"$(inherited)",
					"@executable_path/../Frameworks",
				);
				PRODUCT_BUNDLE_IDENTIFIER = "com.lee.attributedstring.demo.Demo-Mac";
				PRODUCT_NAME = "$(TARGET_NAME)";
				SWIFT_VERSION = 5.0;
			};
			name = Debug;
		};
		9B6E89CF23827C49009EBEBE /* Release */ = {
			isa = XCBuildConfiguration;
			buildSettings = {
				ASSETCATALOG_COMPILER_APPICON_NAME = AppIcon;
				CODE_SIGN_ENTITLEMENTS = "Demo-Mac/Demo_Mac.entitlements";
				CODE_SIGN_STYLE = Automatic;
				COMBINE_HIDPI_IMAGES = YES;
				DEVELOPMENT_TEAM = B9D8DJR5J5;
				ENABLE_HARDENED_RUNTIME = YES;
				INFOPLIST_FILE = "Demo-Mac/Info.plist";
				LD_RUNPATH_SEARCH_PATHS = (
					"$(inherited)",
					"@executable_path/../Frameworks",
				);
				PRODUCT_BUNDLE_IDENTIFIER = "com.lee.attributedstring.demo.Demo-Mac";
				PRODUCT_NAME = "$(TARGET_NAME)";
				SWIFT_VERSION = 5.0;
			};
			name = Release;
		};
/* End XCBuildConfiguration section */

/* Begin XCConfigurationList section */
		9B6E89B823827C48009EBEBE /* Build configuration list for PBXProject "Demo-Mac" */ = {
			isa = XCConfigurationList;
			buildConfigurations = (
				9B6E89CB23827C49009EBEBE /* Debug */,
				9B6E89CC23827C49009EBEBE /* Release */,
			);
			defaultConfigurationIsVisible = 0;
			defaultConfigurationName = Release;
		};
		9B6E89CD23827C49009EBEBE /* Build configuration list for PBXNativeTarget "Demo-Mac" */ = {
			isa = XCConfigurationList;
			buildConfigurations = (
				9B6E89CE23827C49009EBEBE /* Debug */,
				9B6E89CF23827C49009EBEBE /* Release */,
			);
			defaultConfigurationIsVisible = 0;
			defaultConfigurationName = Release;
		};
/* End XCConfigurationList section */
	};
	rootObject = 9B6E89B523827C48009EBEBE /* Project object */;
}
