// !$*UTF8*$!
{
	archiveVersion = 1;
	classes = {
	};
	objectVersion = 50;
	objects = {

/* Begin PBXBuildFile section */
		9B15B7B524DD01280038DAF7 /* DebugLabelViewController.swift in Sources */ = {isa = PBXBuildFile; fileRef = 9B15B7B424DD01280038DAF7 /* DebugLabelViewController.swift */; };
		9B15B7B724DD01960038DAF7 /* Debug.storyboard in Resources */ = {isa = PBXBuildFile; fileRef = 9B15B7B624DD01960038DAF7 /* Debug.storyboard */; };
		9B15B7B924DD1D9B0038DAF7 /* DebugLabelView.swift in Sources */ = {isa = PBXBuildFile; fileRef = 9B15B7B824DD1D9B0038DAF7 /* DebugLabelView.swift */; };
		9B1C4964238405A7002CDC4B /* ParagraphStyleViewController.swift in Sources */ = {isa = PBXBuildFile; fileRef = 9B1C4963238405A7002CDC4B /* ParagraphStyleViewController.swift */; };
		9B1C49662384065D002CDC4B /* AttachmentViewController.swift in Sources */ = {isa = PBXBuildFile; fileRef = 9B1C49652384065D002CDC4B /* AttachmentViewController.swift */; };
		9B6E898A23823F47009EBEBE /* AppDelegate.swift in Sources */ = {isa = PBXBuildFile; fileRef = 9B6E898923823F47009EBEBE /* AppDelegate.swift */; };
		9B6E898E23823F47009EBEBE /* SimpleViewController.swift in Sources */ = {isa = PBXBuildFile; fileRef = 9B6E898D23823F47009EBEBE /* SimpleViewController.swift */; };
		9B6E899123823F47009EBEBE /* Main.storyboard in Resources */ = {isa = PBXBuildFile; fileRef = 9B6E898F23823F47009EBEBE /* Main.storyboard */; };
		9B6E899323823F48009EBEBE /* Assets.xcassets in Resources */ = {isa = PBXBuildFile; fileRef = 9B6E899223823F48009EBEBE /* Assets.xcassets */; };
		9B6E899623823F48009EBEBE /* LaunchScreen.storyboard in Resources */ = {isa = PBXBuildFile; fileRef = 9B6E899423823F48009EBEBE /* LaunchScreen.storyboard */; };
		9B6E89D223827D14009EBEBE /* TableViewCell.swift in Sources */ = {isa = PBXBuildFile; fileRef = 9B6E89D123827D14009EBEBE /* TableViewCell.swift */; };
		9B6E89D523828178009EBEBE /* AttributedString.framework in Frameworks */ = {isa = PBXBuildFile; fileRef = 9B6E89D423828178009EBEBE /* AttributedString.framework */; };
		9B6E89D623828178009EBEBE /* AttributedString.framework in Embed Frameworks */ = {isa = PBXBuildFile; fileRef = 9B6E89D423828178009EBEBE /* AttributedString.framework */; settings = {ATTRIBUTES = (CodeSignOnCopy, RemoveHeadersOnCopy, ); }; };
		9B74C1AE24A83A7100242418 /* CheckingViewController.swift in Sources */ = {isa = PBXBuildFile; fileRef = 9B74C1AD24A83A7100242418 /* CheckingViewController.swift */; };
		9B74C1B024A83D9A00242418 /* ViewController.swift in Sources */ = {isa = PBXBuildFile; fileRef = 9B74C1AF24A83D9A00242418 /* ViewController.swift */; };
		9BB7011724B5C9360018DD68 /* VideoPlayerView.swift in Sources */ = {isa = PBXBuildFile; fileRef = 9BB7011624B5C9360018DD68 /* VideoPlayerView.swift */; };
		9BD90EFE23840402000DBD29 /* FontViewController.swift in Sources */ = {isa = PBXBuildFile; fileRef = 9BD90EFD23840402000DBD29 /* FontViewController.swift */; };
		9BD90F00238404C9000DBD29 /* ForegroundColorViewController.swift in Sources */ = {isa = PBXBuildFile; fileRef = 9BD90EFF238404C9000DBD29 /* ForegroundColorViewController.swift */; };
		9BD90F02238404D5000DBD29 /* BackgroundColorViewController.swift in Sources */ = {isa = PBXBuildFile; fileRef = 9BD90F01238404D5000DBD29 /* BackgroundColorViewController.swift */; };
		9BD90F04238404EA000DBD29 /* LinkViewController.swift in Sources */ = {isa = PBXBuildFile; fileRef = 9BD90F03238404EA000DBD29 /* LinkViewController.swift */; };
		9BD90F06238404F4000DBD29 /* KernViewController.swift in Sources */ = {isa = PBXBuildFile; fileRef = 9BD90F05238404F4000DBD29 /* KernViewController.swift */; };
		9BD90F0823840501000DBD29 /* LigatureViewController.swift in Sources */ = {isa = PBXBuildFile; fileRef = 9BD90F0723840501000DBD29 /* LigatureViewController.swift */; };
		9BD90F0A23840510000DBD29 /* StrikethroughViewController.swift in Sources */ = {isa = PBXBuildFile; fileRef = 9BD90F0923840510000DBD29 /* StrikethroughViewController.swift */; };
		9BD90F0C2384051C000DBD29 /* UnderlineViewController.swift in Sources */ = {isa = PBXBuildFile; fileRef = 9BD90F0B2384051C000DBD29 /* UnderlineViewController.swift */; };
		9BD90F0E23840529000DBD29 /* BaselineOffsetViewController.swift in Sources */ = {isa = PBXBuildFile; fileRef = 9BD90F0D23840529000DBD29 /* BaselineOffsetViewController.swift */; };
		9BD90F1023840534000DBD29 /* ShadowViewController.swift in Sources */ = {isa = PBXBuildFile; fileRef = 9BD90F0F23840534000DBD29 /* ShadowViewController.swift */; };
		9BD90F1223840540000DBD29 /* StrokeViewController.swift in Sources */ = {isa = PBXBuildFile; fileRef = 9BD90F1123840540000DBD29 /* StrokeViewController.swift */; };
		9BD90F142384054A000DBD29 /* TextEffectViewController.swift in Sources */ = {isa = PBXBuildFile; fileRef = 9BD90F132384054A000DBD29 /* TextEffectViewController.swift */; };
		9BD90F1623840556000DBD29 /* ObliquenessViewController.swift in Sources */ = {isa = PBXBuildFile; fileRef = 9BD90F1523840556000DBD29 /* ObliquenessViewController.swift */; };
		9BD90F1823840563000DBD29 /* ExpansionViewController.swift in Sources */ = {isa = PBXBuildFile; fileRef = 9BD90F1723840563000DBD29 /* ExpansionViewController.swift */; };
		9BD90F1A2384056F000DBD29 /* WritingDirectionViewController.swift in Sources */ = {isa = PBXBuildFile; fileRef = 9BD90F192384056F000DBD29 /* WritingDirectionViewController.swift */; };
		9BD90F1C23840581000DBD29 /* VerticalGlyphFormViewController.swift in Sources */ = {isa = PBXBuildFile; fileRef = 9BD90F1B23840581000DBD29 /* VerticalGlyphFormViewController.swift */; };
		9BE7D4BF2487B93500DE1176 /* ActionViewController.swift in Sources */ = {isa = PBXBuildFile; fileRef = 9BE7D4BE2487B93500DE1176 /* ActionViewController.swift */; };
/* End PBXBuildFile section */

/* Begin PBXCopyFilesBuildPhase section */
		9B6E89D723828178009EBEBE /* Embed Frameworks */ = {
			isa = PBXCopyFilesBuildPhase;
			buildActionMask = 2147483647;
			dstPath = "";
			dstSubfolderSpec = 10;
			files = (
				9B6E89D623828178009EBEBE /* AttributedString.framework in Embed Frameworks */,
			);
			name = "Embed Frameworks";
			runOnlyForDeploymentPostprocessing = 0;
		};
/* End PBXCopyFilesBuildPhase section */

/* Begin PBXFileReference section */
		9B15B7B424DD01280038DAF7 /* DebugLabelViewController.swift */ = {isa = PBXFileReference; lastKnownFileType = sourcecode.swift; path = DebugLabelViewController.swift; sourceTree = "<group>"; };
		9B15B7B624DD01960038DAF7 /* Debug.storyboard */ = {isa = PBXFileReference; lastKnownFileType = file.storyboard; path = Debug.storyboard; sourceTree = "<group>"; };
		9B15B7B824DD1D9B0038DAF7 /* DebugLabelView.swift */ = {isa = PBXFileReference; lastKnownFileType = sourcecode.swift; path = DebugLabelView.swift; sourceTree = "<group>"; };
		9B1C4963238405A7002CDC4B /* ParagraphStyleViewController.swift */ = {isa = PBXFileReference; lastKnownFileType = sourcecode.swift; path = ParagraphStyleViewController.swift; sourceTree = "<group>"; };
		9B1C49652384065D002CDC4B /* AttachmentViewController.swift */ = {isa = PBXFileReference; lastKnownFileType = sourcecode.swift; path = AttachmentViewController.swift; sourceTree = "<group>"; };
		9B6E898623823F47009EBEBE /* Demo.app */ = {isa = PBXFileReference; explicitFileType = wrapper.application; includeInIndex = 0; path = Demo.app; sourceTree = BUILT_PRODUCTS_DIR; };
		9B6E898923823F47009EBEBE /* AppDelegate.swift */ = {isa = PBXFileReference; lastKnownFileType = sourcecode.swift; path = AppDelegate.swift; sourceTree = "<group>"; };
		9B6E898D23823F47009EBEBE /* SimpleViewController.swift */ = {isa = PBXFileReference; lastKnownFileType = sourcecode.swift; path = SimpleViewController.swift; sourceTree = "<group>"; };
		9B6E899023823F47009EBEBE /* Base */ = {isa = PBXFileReference; lastKnownFileType = file.storyboard; name = Base; path = Base.lproj/Main.storyboard; sourceTree = "<group>"; };
		9B6E899223823F48009EBEBE /* Assets.xcassets */ = {isa = PBXFileReference; lastKnownFileType = folder.assetcatalog; path = Assets.xcassets; sourceTree = "<group>"; };
		9B6E899523823F48009EBEBE /* Base */ = {isa = PBXFileReference; lastKnownFileType = file.storyboard; name = Base; path = Base.lproj/LaunchScreen.storyboard; sourceTree = "<group>"; };
		9B6E899723823F48009EBEBE /* Info.plist */ = {isa = PBXFileReference; lastKnownFileType = text.plist.xml; path = Info.plist; sourceTree = "<group>"; };
		9B6E89D123827D14009EBEBE /* TableViewCell.swift */ = {isa = PBXFileReference; lastKnownFileType = sourcecode.swift; path = TableViewCell.swift; sourceTree = "<group>"; };
		9B6E89D423828178009EBEBE /* AttributedString.framework */ = {isa = PBXFileReference; explicitFileType = wrapper.framework; path = AttributedString.framework; sourceTree = BUILT_PRODUCTS_DIR; };
		9B74C1AD24A83A7100242418 /* CheckingViewController.swift */ = {isa = PBXFileReference; lastKnownFileType = sourcecode.swift; path = CheckingViewController.swift; sourceTree = "<group>"; };
		9B74C1AF24A83D9A00242418 /* ViewController.swift */ = {isa = PBXFileReference; lastKnownFileType = sourcecode.swift; path = ViewController.swift; sourceTree = "<group>"; };
		9BB7011624B5C9360018DD68 /* VideoPlayerView.swift */ = {isa = PBXFileReference; lastKnownFileType = sourcecode.swift; path = VideoPlayerView.swift; sourceTree = "<group>"; };
		9BD90EFD23840402000DBD29 /* FontViewController.swift */ = {isa = PBXFileReference; lastKnownFileType = sourcecode.swift; path = FontViewController.swift; sourceTree = "<group>"; };
		9BD90EFF238404C9000DBD29 /* ForegroundColorViewController.swift */ = {isa = PBXFileReference; lastKnownFileType = sourcecode.swift; path = ForegroundColorViewController.swift; sourceTree = "<group>"; };
		9BD90F01238404D5000DBD29 /* BackgroundColorViewController.swift */ = {isa = PBXFileReference; lastKnownFileType = sourcecode.swift; path = BackgroundColorViewController.swift; sourceTree = "<group>"; };
		9BD90F03238404EA000DBD29 /* LinkViewController.swift */ = {isa = PBXFileReference; lastKnownFileType = sourcecode.swift; path = LinkViewController.swift; sourceTree = "<group>"; };
		9BD90F05238404F4000DBD29 /* KernViewController.swift */ = {isa = PBXFileReference; lastKnownFileType = sourcecode.swift; path = KernViewController.swift; sourceTree = "<group>"; };
		9BD90F0723840501000DBD29 /* LigatureViewController.swift */ = {isa = PBXFileReference; lastKnownFileType = sourcecode.swift; path = LigatureViewController.swift; sourceTree = "<group>"; };
		9BD90F0923840510000DBD29 /* StrikethroughViewController.swift */ = {isa = PBXFileReference; lastKnownFileType = sourcecode.swift; path = StrikethroughViewController.swift; sourceTree = "<group>"; };
		9BD90F0B2384051C000DBD29 /* UnderlineViewController.swift */ = {isa = PBXFileReference; lastKnownFileType = sourcecode.swift; path = UnderlineViewController.swift; sourceTree = "<group>"; };
		9BD90F0D23840529000DBD29 /* BaselineOffsetViewController.swift */ = {isa = PBXFileReference; lastKnownFileType = sourcecode.swift; path = BaselineOffsetViewController.swift; sourceTree = "<group>"; };
		9BD90F0F23840534000DBD29 /* ShadowViewController.swift */ = {isa = PBXFileReference; lastKnownFileType = sourcecode.swift; path = ShadowViewController.swift; sourceTree = "<group>"; };
		9BD90F1123840540000DBD29 /* StrokeViewController.swift */ = {isa = PBXFileReference; lastKnownFileType = sourcecode.swift; path = StrokeViewController.swift; sourceTree = "<group>"; };
		9BD90F132384054A000DBD29 /* TextEffectViewController.swift */ = {isa = PBXFileReference; lastKnownFileType = sourcecode.swift; path = TextEffectViewController.swift; sourceTree = "<group>"; };
		9BD90F1523840556000DBD29 /* ObliquenessViewController.swift */ = {isa = PBXFileReference; lastKnownFileType = sourcecode.swift; path = ObliquenessViewController.swift; sourceTree = "<group>"; };
		9BD90F1723840563000DBD29 /* ExpansionViewController.swift */ = {isa = PBXFileReference; lastKnownFileType = sourcecode.swift; path = ExpansionViewController.swift; sourceTree = "<group>"; };
		9BD90F192384056F000DBD29 /* WritingDirectionViewController.swift */ = {isa = PBXFileReference; lastKnownFileType = sourcecode.swift; path = WritingDirectionViewController.swift; sourceTree = "<group>"; };
		9BD90F1B23840581000DBD29 /* VerticalGlyphFormViewController.swift */ = {isa = PBXFileReference; lastKnownFileType = sourcecode.swift; path = VerticalGlyphFormViewController.swift; sourceTree = "<group>"; };
		9BE7D4BE2487B93500DE1176 /* ActionViewController.swift */ = {isa = PBXFileReference; lastKnownFileType = sourcecode.swift; path = ActionViewController.swift; sourceTree = "<group>"; };
/* End PBXFileReference section */

/* Begin PBXFrameworksBuildPhase section */
		9B6E898323823F47009EBEBE /* Frameworks */ = {
			isa = PBXFrameworksBuildPhase;
			buildActionMask = 2147483647;
			files = (
				9B6E89D523828178009EBEBE /* AttributedString.framework in Frameworks */,
			);
			runOnlyForDeploymentPostprocessing = 0;
		};
/* End PBXFrameworksBuildPhase section */

/* Begin PBXGroup section */
		9B15B7B324DD00CE0038DAF7 /* Debug */ = {
			isa = PBXGroup;
			children = (
				9B15B7B424DD01280038DAF7 /* DebugLabelViewController.swift */,
				9B15B7B824DD1D9B0038DAF7 /* DebugLabelView.swift */,
				9B15B7B624DD01960038DAF7 /* Debug.storyboard */,
			);
			path = Debug;
			sourceTree = "<group>";
		};
		9B6E897D23823F47009EBEBE = {
			isa = PBXGroup;
			children = (
				9B6E898823823F47009EBEBE /* Demo */,
				9B6E898723823F47009EBEBE /* Products */,
				9B6E89D323828178009EBEBE /* Frameworks */,
			);
			sourceTree = "<group>";
		};
		9B6E898723823F47009EBEBE /* Products */ = {
			isa = PBXGroup;
			children = (
				9B6E898623823F47009EBEBE /* Demo.app */,
			);
			name = Products;
			sourceTree = "<group>";
		};
		9B6E898823823F47009EBEBE /* Demo */ = {
			isa = PBXGroup;
			children = (
				9B15B7B324DD00CE0038DAF7 /* Debug */,
				9BD90EFC2383FA57000DBD29 /* Details */,
				9B6E89D023827CE2009EBEBE /* Cell */,
				9B6E898923823F47009EBEBE /* AppDelegate.swift */,
				9B6E898D23823F47009EBEBE /* SimpleViewController.swift */,
				9B6E898F23823F47009EBEBE /* Main.storyboard */,
				9B6E899223823F48009EBEBE /* Assets.xcassets */,
				9B6E899423823F48009EBEBE /* LaunchScreen.storyboard */,
				9B6E899723823F48009EBEBE /* Info.plist */,
				9B74C1AF24A83D9A00242418 /* ViewController.swift */,
				9BB7011624B5C9360018DD68 /* VideoPlayerView.swift */,
			);
			path = Demo;
			sourceTree = "<group>";
		};
		9B6E89D023827CE2009EBEBE /* Cell */ = {
			isa = PBXGroup;
			children = (
				9B6E89D123827D14009EBEBE /* TableViewCell.swift */,
			);
			path = Cell;
			sourceTree = "<group>";
		};
		9B6E89D323828178009EBEBE /* Frameworks */ = {
			isa = PBXGroup;
			children = (
				9B6E89D423828178009EBEBE /* AttributedString.framework */,
			);
			name = Frameworks;
			sourceTree = "<group>";
		};
		9BD90EFC2383FA57000DBD29 /* Details */ = {
			isa = PBXGroup;
			children = (
				9BD90EFD23840402000DBD29 /* FontViewController.swift */,
				9B1C4963238405A7002CDC4B /* ParagraphStyleViewController.swift */,
				9BD90EFF238404C9000DBD29 /* ForegroundColorViewController.swift */,
				9BD90F01238404D5000DBD29 /* BackgroundColorViewController.swift */,
				9BD90F0723840501000DBD29 /* LigatureViewController.swift */,
				9BD90F05238404F4000DBD29 /* KernViewController.swift */,
				9BD90F0923840510000DBD29 /* StrikethroughViewController.swift */,
				9BD90F0B2384051C000DBD29 /* UnderlineViewController.swift */,
				9BD90F1123840540000DBD29 /* StrokeViewController.swift */,
				9BD90F0F23840534000DBD29 /* ShadowViewController.swift */,
				9BD90F132384054A000DBD29 /* TextEffectViewController.swift */,
				9B1C49652384065D002CDC4B /* AttachmentViewController.swift */,
				9BD90F03238404EA000DBD29 /* LinkViewController.swift */,
				9BD90F0D23840529000DBD29 /* BaselineOffsetViewController.swift */,
				9BD90F1523840556000DBD29 /* ObliquenessViewController.swift */,
				9BD90F1723840563000DBD29 /* ExpansionViewController.swift */,
				9BD90F192384056F000DBD29 /* WritingDirectionViewController.swift */,
				9BD90F1B23840581000DBD29 /* VerticalGlyphFormViewController.swift */,
				9BE7D4BE2487B93500DE1176 /* ActionViewController.swift */,
				9B74C1AD24A83A7100242418 /* CheckingViewController.swift */,
			);
			path = Details;
			sourceTree = "<group>";
		};
/* End PBXGroup section */

/* Begin PBXNativeTarget section */
		9B6E898523823F47009EBEBE /* Demo */ = {
			isa = PBXNativeTarget;
			buildConfigurationList = 9B6E899A23823F48009EBEBE /* Build configuration list for PBXNativeTarget "Demo" */;
			buildPhases = (
				9B6E898223823F47009EBEBE /* Sources */,
				9B6E898323823F47009EBEBE /* Frameworks */,
				9B6E898423823F47009EBEBE /* Resources */,
				9B6E89D723828178009EBEBE /* Embed Frameworks */,
			);
			buildRules = (
			);
			dependencies = (
			);
			name = Demo;
			productName = Demo;
			productReference = 9B6E898623823F47009EBEBE /* Demo.app */;
			productType = "com.apple.product-type.application";
		};
/* End PBXNativeTarget section */

/* Begin PBXProject section */
		9B6E897E23823F47009EBEBE /* Project object */ = {
			isa = PBXProject;
			attributes = {
				LastSwiftUpdateCheck = 1110;
				LastUpgradeCheck = 1110;
				ORGANIZATIONNAME = LEE;
				TargetAttributes = {
					9B6E898523823F47009EBEBE = {
						CreatedOnToolsVersion = 11.1;
					};
				};
			};
			buildConfigurationList = 9B6E898123823F47009EBEBE /* Build configuration list for PBXProject "Demo" */;
			compatibilityVersion = "Xcode 9.3";
			developmentRegion = en;
			hasScannedForEncodings = 0;
			knownRegions = (
				en,
				Base,
			);
			mainGroup = 9B6E897D23823F47009EBEBE;
			productRefGroup = 9B6E898723823F47009EBEBE /* Products */;
			projectDirPath = "";
			projectRoot = "";
			targets = (
				9B6E898523823F47009EBEBE /* Demo */,
			);
		};
/* End PBXProject section */

/* Begin PBXResourcesBuildPhase section */
		9B6E898423823F47009EBEBE /* Resources */ = {
			isa = PBXResourcesBuildPhase;
			buildActionMask = 2147483647;
			files = (
				9B6E899623823F48009EBEBE /* LaunchScreen.storyboard in Resources */,
				9B6E899323823F48009EBEBE /* Assets.xcassets in Resources */,
				9B15B7B724DD01960038DAF7 /* Debug.storyboard in Resources */,
				9B6E899123823F47009EBEBE /* Main.storyboard in Resources */,
			);
			runOnlyForDeploymentPostprocessing = 0;
		};
/* End PBXResourcesBuildPhase section */

/* Begin PBXSourcesBuildPhase section */
		9B6E898223823F47009EBEBE /* Sources */ = {
			isa = PBXSourcesBuildPhase;
			buildActionMask = 2147483647;
			files = (
				9B74C1B024A83D9A00242418 /* ViewController.swift in Sources */,
				9B15B7B524DD01280038DAF7 /* DebugLabelViewController.swift in Sources */,
				9BD90F04238404EA000DBD29 /* LinkViewController.swift in Sources */,
				9BD90F0A23840510000DBD29 /* StrikethroughViewController.swift in Sources */,
				9BD90F0E23840529000DBD29 /* BaselineOffsetViewController.swift in Sources */,
				9B6E898E23823F47009EBEBE /* SimpleViewController.swift in Sources */,
				9B6E89D223827D14009EBEBE /* TableViewCell.swift in Sources */,
				9BD90F1623840556000DBD29 /* ObliquenessViewController.swift in Sources */,
				9BD90F02238404D5000DBD29 /* BackgroundColorViewController.swift in Sources */,
				9B1C4964238405A7002CDC4B /* ParagraphStyleViewController.swift in Sources */,
				9BD90F1223840540000DBD29 /* StrokeViewController.swift in Sources */,
				9B6E898A23823F47009EBEBE /* AppDelegate.swift in Sources */,
				9B15B7B924DD1D9B0038DAF7 /* DebugLabelView.swift in Sources */,
				9BB7011724B5C9360018DD68 /* VideoPlayerView.swift in Sources */,
				9BD90F1A2384056F000DBD29 /* WritingDirectionViewController.swift in Sources */,
				9B1C49662384065D002CDC4B /* AttachmentViewController.swift in Sources */,
				9BD90F00238404C9000DBD29 /* ForegroundColorViewController.swift in Sources */,
				9BD90F1023840534000DBD29 /* ShadowViewController.swift in Sources */,
				9BD90F142384054A000DBD29 /* TextEffectViewController.swift in Sources */,
				9BD90F1C23840581000DBD29 /* VerticalGlyphFormViewController.swift in Sources */,
				9BD90F06238404F4000DBD29 /* KernViewController.swift in Sources */,
				9BD90F0823840501000DBD29 /* LigatureViewController.swift in Sources */,
				9B74C1AE24A83A7100242418 /* CheckingViewController.swift in Sources */,
				9BD90F1823840563000DBD29 /* ExpansionViewController.swift in Sources */,
				9BD90F0C2384051C000DBD29 /* UnderlineViewController.swift in Sources */,
				9BD90EFE23840402000DBD29 /* FontViewController.swift in Sources */,
				9BE7D4BF2487B93500DE1176 /* ActionViewController.swift in Sources */,
			);
			runOnlyForDeploymentPostprocessing = 0;
		};
/* End PBXSourcesBuildPhase section */

/* Begin PBXVariantGroup section */
		9B6E898F23823F47009EBEBE /* Main.storyboard */ = {
			isa = PBXVariantGroup;
			children = (
				9B6E899023823F47009EBEBE /* Base */,
			);
			name = Main.storyboard;
			sourceTree = "<group>";
		};
		9B6E899423823F48009EBEBE /* LaunchScreen.storyboard */ = {
			isa = PBXVariantGroup;
			children = (
				9B6E899523823F48009EBEBE /* Base */,
			);
			name = LaunchScreen.storyboard;
			sourceTree = "<group>";
		};
/* End PBXVariantGroup section */

/* Begin XCBuildConfiguration section */
		9B6E899823823F48009EBEBE /* Debug */ = {
			isa = XCBuildConfiguration;
			buildSettings = {
				ALWAYS_SEARCH_USER_PATHS = NO;
				CLANG_ANALYZER_NONNULL = YES;
				CLANG_ANALYZER_NUMBER_OBJECT_CONVERSION = YES_AGGRESSIVE;
				CLANG_CXX_LANGUAGE_STANDARD = "gnu++14";
				CLANG_CXX_LIBRARY = "libc++";
				CLANG_ENABLE_MODULES = YES;
				CLANG_ENABLE_OBJC_ARC = YES;
				CLANG_ENABLE_OBJC_WEAK = YES;
				CLANG_WARN_BLOCK_CAPTURE_AUTORELEASING = YES;
				CLANG_WARN_BOOL_CONVERSION = YES;
				CLANG_WARN_COMMA = YES;
				CLANG_WARN_CONSTANT_CONVERSION = YES;
				CLANG_WARN_DEPRECATED_OBJC_IMPLEMENTATIONS = YES;
				CLANG_WARN_DIRECT_OBJC_ISA_USAGE = YES_ERROR;
				CLANG_WARN_DOCUMENTATION_COMMENTS = YES;
				CLANG_WARN_EMPTY_BODY = YES;
				CLANG_WARN_ENUM_CONVERSION = YES;
				CLANG_WARN_INFINITE_RECURSION = YES;
				CLANG_WARN_INT_CONVERSION = YES;
				CLANG_WARN_NON_LITERAL_NULL_CONVERSION = YES;
				CLANG_WARN_OBJC_IMPLICIT_RETAIN_SELF = YES;
				CLANG_WARN_OBJC_LITERAL_CONVERSION = YES;
				CLANG_WARN_OBJC_ROOT_CLASS = YES_ERROR;
				CLANG_WARN_RANGE_LOOP_ANALYSIS = YES;
				CLANG_WARN_STRICT_PROTOTYPES = YES;
				CLANG_WARN_SUSPICIOUS_MOVE = YES;
				CLANG_WARN_UNGUARDED_AVAILABILITY = YES_AGGRESSIVE;
				CLANG_WARN_UNREACHABLE_CODE = YES;
				CLANG_WARN__DUPLICATE_METHOD_MATCH = YES;
				COPY_PHASE_STRIP = NO;
				DEBUG_INFORMATION_FORMAT = dwarf;
				ENABLE_STRICT_OBJC_MSGSEND = YES;
				ENABLE_TESTABILITY = YES;
				GCC_C_LANGUAGE_STANDARD = gnu11;
				GCC_DYNAMIC_NO_PIC = NO;
				GCC_NO_COMMON_BLOCKS = YES;
				GCC_OPTIMIZATION_LEVEL = 0;
				GCC_PREPROCESSOR_DEFINITIONS = (
					"DEBUG=1",
					"$(inherited)",
				);
				GCC_WARN_64_TO_32_BIT_CONVERSION = YES;
				GCC_WARN_ABOUT_RETURN_TYPE = YES_ERROR;
				GCC_WARN_UNDECLARED_SELECTOR = YES;
				GCC_WARN_UNINITIALIZED_AUTOS = YES_AGGRESSIVE;
				GCC_WARN_UNUSED_FUNCTION = YES;
				GCC_WARN_UNUSED_VARIABLE = YES;
				IPHONEOS_DEPLOYMENT_TARGET = 13.1;
				MTL_ENABLE_DEBUG_INFO = INCLUDE_SOURCE;
				MTL_FAST_MATH = YES;
				ONLY_ACTIVE_ARCH = YES;
				SDKROOT = iphoneos;
				SWIFT_ACTIVE_COMPILATION_CONDITIONS = DEBUG;
				SWIFT_OPTIMIZATION_LEVEL = "-Onone";
			};
			name = Debug;
		};
		9B6E899923823F48009EBEBE /* Release */ = {
			isa = XCBuildConfiguration;
			buildSettings = {
				ALWAYS_SEARCH_USER_PATHS = NO;
				CLANG_ANALYZER_NONNULL = YES;
				CLANG_ANALYZER_NUMBER_OBJECT_CONVERSION = YES_AGGRESSIVE;
				CLANG_CXX_LANGUAGE_STANDARD = "gnu++14";
				CLANG_CXX_LIBRARY = "libc++";
				CLANG_ENABLE_MODULES = YES;
				CLANG_ENABLE_OBJC_ARC = YES;
				CLANG_ENABLE_OBJC_WEAK = YES;
				CLANG_WARN_BLOCK_CAPTURE_AUTORELEASING = YES;
				CLANG_WARN_BOOL_CONVERSION = YES;
				CLANG_WARN_COMMA = YES;
				CLANG_WARN_CONSTANT_CONVERSION = YES;
				CLANG_WARN_DEPRECATED_OBJC_IMPLEMENTATIONS = YES;
				CLANG_WARN_DIRECT_OBJC_ISA_USAGE = YES_ERROR;
				CLANG_WARN_DOCUMENTATION_COMMENTS = YES;
				CLANG_WARN_EMPTY_BODY = YES;
				CLANG_WARN_ENUM_CONVERSION = YES;
				CLANG_WARN_INFINITE_RECURSION = YES;
				CLANG_WARN_INT_CONVERSION = YES;
				CLANG_WARN_NON_LITERAL_NULL_CONVERSION = YES;
				CLANG_WARN_OBJC_IMPLICIT_RETAIN_SELF = YES;
				CLANG_WARN_OBJC_LITERAL_CONVERSION = YES;
				CLANG_WARN_OBJC_ROOT_CLASS = YES_ERROR;
				CLANG_WARN_RANGE_LOOP_ANALYSIS = YES;
				CLANG_WARN_STRICT_PROTOTYPES = YES;
				CLANG_WARN_SUSPICIOUS_MOVE = YES;
				CLANG_WARN_UNGUARDED_AVAILABILITY = YES_AGGRESSIVE;
				CLANG_WARN_UNREACHABLE_CODE = YES;
				CLANG_WARN__DUPLICATE_METHOD_MATCH = YES;
				COPY_PHASE_STRIP = NO;
				DEBUG_INFORMATION_FORMAT = "dwarf-with-dsym";
				ENABLE_NS_ASSERTIONS = NO;
				ENABLE_STRICT_OBJC_MSGSEND = YES;
				GCC_C_LANGUAGE_STANDARD = gnu11;
				GCC_NO_COMMON_BLOCKS = YES;
				GCC_WARN_64_TO_32_BIT_CONVERSION = YES;
				GCC_WARN_ABOUT_RETURN_TYPE = YES_ERROR;
				GCC_WARN_UNDECLARED_SELECTOR = YES;
				GCC_WARN_UNINITIALIZED_AUTOS = YES_AGGRESSIVE;
				GCC_WARN_UNUSED_FUNCTION = YES;
				GCC_WARN_UNUSED_VARIABLE = YES;
				IPHONEOS_DEPLOYMENT_TARGET = 13.1;
				MTL_ENABLE_DEBUG_INFO = NO;
				MTL_FAST_MATH = YES;
				SDKROOT = iphoneos;
				SWIFT_COMPILATION_MODE = wholemodule;
				SWIFT_OPTIMIZATION_LEVEL = "-O";
				VALIDATE_PRODUCT = YES;
			};
			name = Release;
		};
		9B6E899B23823F48009EBEBE /* Debug */ = {
			isa = XCBuildConfiguration;
			buildSettings = {
				ASSETCATALOG_COMPILER_APPICON_NAME = AppIcon;
				CODE_SIGN_STYLE = Automatic;
				DEVELOPMENT_TEAM = B9D8DJR5J5;
				INFOPLIST_FILE = Demo/Info.plist;
				IPHONEOS_DEPLOYMENT_TARGET = 11.0;
				LD_RUNPATH_SEARCH_PATHS = (
					"$(inherited)",
					"@executable_path/Frameworks",
				);
				PRODUCT_BUNDLE_IDENTIFIER = com.lee.attributedstring.demo;
				PRODUCT_NAME = "$(TARGET_NAME)";
				SWIFT_VERSION = 5.0;
				TARGETED_DEVICE_FAMILY = "1,2";
			};
			name = Debug;
		};
		9B6E899C23823F48009EBEBE /* Release */ = {
			isa = XCBuildConfiguration;
			buildSettings = {
				ASSETCATALOG_COMPILER_APPICON_NAME = AppIcon;
				CODE_SIGN_STYLE = Automatic;
				DEVELOPMENT_TEAM = B9D8DJR5J5;
				INFOPLIST_FILE = Demo/Info.plist;
				IPHONEOS_DEPLOYMENT_TARGET = 11.0;
				LD_RUNPATH_SEARCH_PATHS = (
					"$(inherited)",
					"@executable_path/Frameworks",
				);
				PRODUCT_BUNDLE_IDENTIFIER = com.lee.attributedstring.demo;
				PRODUCT_NAME = "$(TARGET_NAME)";
				SWIFT_VERSION = 5.0;
				TARGETED_DEVICE_FAMILY = "1,2";
			};
			name = Release;
		};
/* End XCBuildConfiguration section */

/* Begin XCConfigurationList section */
		9B6E898123823F47009EBEBE /* Build configuration list for PBXProject "Demo" */ = {
			isa = XCConfigurationList;
			buildConfigurations = (
				9B6E899823823F48009EBEBE /* Debug */,
				9B6E899923823F48009EBEBE /* Release */,
			);
			defaultConfigurationIsVisible = 0;
			defaultConfigurationName = Release;
		};
		9B6E899A23823F48009EBEBE /* Build configuration list for PBXNativeTarget "Demo" */ = {
			isa = XCConfigurationList;
			buildConfigurations = (
				9B6E899B23823F48009EBEBE /* Debug */,
				9B6E899C23823F48009EBEBE /* Release */,
			);
			defaultConfigurationIsVisible = 0;
			defaultConfigurationName = Release;
		};
/* End XCConfigurationList section */
	};
	rootObject = 9B6E897E23823F47009EBEBE /* Project object */;
}
